// !$*UTF8*$!
{
	archiveVersion = 1;
	classes = {
	};
	objectVersion = 56;
	objects = {

/* Begin PBXBuildFile section */
		06C50122EF9909373073D390 /* NotificationService.swift in Sources */ = {isa = PBXBuildFile; fileRef = EC721223F4FDB565AD0CFE09 /* NotificationService.swift */; };
		07C1A05814F6F0DA7E585CEC /* TimerView.swift in Sources */ = {isa = PBXBuildFile; fileRef = D73555C4A91B4E9B54E92190 /* TimerView.swift */; };
		12560BCE96B82A59F1CE7142 /* AppNavigationState.swift in Sources */ = {isa = PBXBuildFile; fileRef = 3E3A93E9738FEC96B97C487E /* AppNavigationState.swift */; };
		1A8BC3E0092B9ECAECBE430C /* WorkoutTimer.xcdatamodeld in Sources */ = {isa = PBXBuildFile; fileRef = F6EFA8CCA11632AF5CB445D8 /* WorkoutTimer.xcdatamodeld */; };
		246631B24FB02B483BC4840F /* PersistenceController.swift in Sources */ = {isa = PBXBuildFile; fileRef = 3EA891C8952EFA844C1E13C5 /* PersistenceController.swift */; };
		2E89C91142AFADD595DF5A2D /* TimingDriftTests.swift in Sources */ = {isa = PBXBuildFile; fileRef = 6888E08EA1AD4E654D5C5308 /* TimingDriftTests.swift */; };
		31F59083E0FE6548ADEE3F6B /* MainContainerView.swift in Sources */ = {isa = PBXBuildFile; fileRef = FD781737912097014A983ACD /* MainContainerView.swift */; };
		329452F6DAB36864F79D80F6 /* WorkoutSummaryContentView.swift in Sources */ = {isa = PBXBuildFile; fileRef = F25B605ED1FF3384317A3E8A /* WorkoutSummaryContentView.swift */; };
		33B7F8E42C0B354F99CABB91 /* TimerEngine.swift in Sources */ = {isa = PBXBuildFile; fileRef = 322FCAF1F95F95765BE52DA1 /* TimerEngine.swift */; };
		3FD8150A43341245A6D1C636 /* StateRestorationTests.swift in Sources */ = {isa = PBXBuildFile; fileRef = 9ABD60EED1222F06077BABE1 /* StateRestorationTests.swift */; };
		4F156A685DCF3B45BDAD0D04 /* WorkoutHistoryView.swift in Sources */ = {isa = PBXBuildFile; fileRef = 4E0097A7690165E73E7A302F /* WorkoutHistoryView.swift */; };
		503AE6B7F7C2271E93677CE4 /* InlineConfigureTimerView.swift in Sources */ = {isa = PBXBuildFile; fileRef = 6F71F55CD9A45C76190D2A5C /* InlineConfigureTimerView.swift */; };
		53B9B049575C1A3EA036CD4C /* AudioService.swift in Sources */ = {isa = PBXBuildFile; fileRef = 6775CB8C0A32B833AE93D25B /* AudioService.swift */; };
		62E9F9545ED5D0B64A2E43E5 /* TimerState.swift in Sources */ = {isa = PBXBuildFile; fileRef = 56257AB8AEC0E93AE14629CB /* TimerState.swift */; };
		6BF1DDE3E3425845C85AF8A0 /* BigTimeDisplay.swift in Sources */ = {isa = PBXBuildFile; fileRef = F75A1D91007BB127A056496B /* BigTimeDisplay.swift */; };
		6CF2E4D5F67890123456789D /* MainContainerViewModel.swift in Sources */ = {isa = PBXBuildFile; fileRef = C3D4E5F67890123456789ABC /* MainContainerViewModel.swift */; };
		7AF3E5D6F78901234567890E /* QuickStartCountdownToast.swift in Sources */ = {isa = PBXBuildFile; fileRef = A1B2C3D4E5F6789012345678 /* QuickStartCountdownToast.swift */; };
		8BF4E6D7F89012345678901F /* SidebarTimerRow.swift in Sources */ = {isa = PBXBuildFile; fileRef = B2C3D4E5F67890123456789A /* SidebarTimerRow.swift */; };
		7A3E57D3A8FC1B469B3875D7 /* warn.caf in Resources */ = {isa = PBXBuildFile; fileRef = 9B898728DEE1BC31BA0BD391 /* warn.caf */; };
		7B43A5891FDB5839E9F34F03 /* RxTimerApp.swift in Sources */ = {isa = PBXBuildFile; fileRef = 436F90621FFAF3AD3452711A /* RxTimerApp.swift */; };
		7C60C68A6EB928C577A62DEB /* BackgroundAudioService.swift in Sources */ = {isa = PBXBuildFile; fileRef = 37AC499A71F680300B57EF4C /* BackgroundAudioService.swift */; };
		91E885D8466CAB7920597322 /* HapticService.swift in Sources */ = {isa = PBXBuildFile; fileRef = FD434AD686CA9B1E19061636 /* HapticService.swift */; };
		94E850F24721A3EADB559440 /* start.caf in Resources */ = {isa = PBXBuildFile; fileRef = D9BB60721E39240A9E9BB3A2 /* start.caf */; };
		993B496FFF3D03C54B51114F /* WorkoutSummaryView.swift in Sources */ = {isa = PBXBuildFile; fileRef = 6288FA1E37101CDADBDE7AEA /* WorkoutSummaryView.swift */; };
		99810209AD4FE3320BC122AD /* Assets.xcassets in Resources */ = {isa = PBXBuildFile; fileRef = E9C2B90A5DCA5D29F2BEC039 /* Assets.xcassets */; };
		9E028AEDF404DB52874560D8 /* TimerConfiguration.swift in Sources */ = {isa = PBXBuildFile; fileRef = E488BC7001CAEEF26453D797 /* TimerConfiguration.swift */; };
		A40349881685B4C721B23980 /* end.caf in Resources */ = {isa = PBXBuildFile; fileRef = 6FBD61246689EA445449F3B0 /* end.caf */; };
		B6C24DC8CCE108FE58EE3E0A /* WorkoutDetailView.swift in Sources */ = {isa = PBXBuildFile; fileRef = 8812F11CCDDC4C51978F0F48 /* WorkoutDetailView.swift */; };
		B6D31D9A57E583A584D37D5B /* TimerViewModel.swift in Sources */ = {isa = PBXBuildFile; fileRef = 41EEDE2D06894E4A567DA141 /* TimerViewModel.swift */; };
		D23D021AC1C7ACCF69813CD0 /* tick.caf in Resources */ = {isa = PBXBuildFile; fileRef = 896BB817599A464357C85456 /* tick.caf */; };
		D297B7079D7588ACDCD2A1E8 /* Workout+DisplayData.swift in Sources */ = {isa = PBXBuildFile; fileRef = D446CAAAE89B233DF0EA0768 /* Workout+DisplayData.swift */; };
		E127F3DD43A7B218AE51ED97 /* WorkoutStateManager.swift in Sources */ = {isa = PBXBuildFile; fileRef = 3ED73FF3F9A6279E09FDC7BF /* WorkoutStateManager.swift */; };
		E955C7550F142E811C73E9AB /* beep_1hz.caf in Resources */ = {isa = PBXBuildFile; fileRef = 3CEF841D69CC8188B302F4E0 /* beep_1hz.caf */; };
		EAE144492E1DA4003332DCDA /* silence.m4a in Resources */ = {isa = PBXBuildFile; fileRef = F25A0AD4E0D30B15C17819A5 /* silence.m4a */; };
		F5ECD3515AB099C95AB1EA02 /* TimerType.swift in Sources */ = {isa = PBXBuildFile; fileRef = 24EE43DFB8A2036994FB1343 /* TimerType.swift */; };
/* End PBXBuildFile section */

/* Begin PBXContainerItemProxy section */
		CE443B3C47ADC0559F5D21DE /* PBXContainerItemProxy */ = {
			isa = PBXContainerItemProxy;
			containerPortal = 0747348ABA4DBB245A962507 /* Project object */;
			proxyType = 1;
			remoteGlobalIDString = 6439CF22188FA14BBD363342;
			remoteInfo = WorkoutTimer;
		};
/* End PBXContainerItemProxy section */

/* Begin PBXFileReference section */
		195F9293022CEE80C9E8D0C0 /* WorkoutTimerTests.xctest */ = {isa = PBXFileReference; explicitFileType = wrapper.cfbundle; includeInIndex = 0; path = WorkoutTimerTests.xctest; sourceTree = BUILT_PRODUCTS_DIR; };
		24EE43DFB8A2036994FB1343 /* TimerType.swift */ = {isa = PBXFileReference; lastKnownFileType = sourcecode.swift; path = TimerType.swift; sourceTree = "<group>"; };
		322FCAF1F95F95765BE52DA1 /* TimerEngine.swift */ = {isa = PBXFileReference; lastKnownFileType = sourcecode.swift; path = TimerEngine.swift; sourceTree = "<group>"; };
		37AC499A71F680300B57EF4C /* BackgroundAudioService.swift */ = {isa = PBXFileReference; lastKnownFileType = sourcecode.swift; path = BackgroundAudioService.swift; sourceTree = "<group>"; };
		3CEF841D69CC8188B302F4E0 /* beep_1hz.caf */ = {isa = PBXFileReference; lastKnownFileType = file; path = beep_1hz.caf; sourceTree = "<group>"; };
		3E3A93E9738FEC96B97C487E /* AppNavigationState.swift */ = {isa = PBXFileReference; includeInIndex = 1; lastKnownFileType = sourcecode.swift; path = AppNavigationState.swift; sourceTree = "<group>"; };
		3EA891C8952EFA844C1E13C5 /* PersistenceController.swift */ = {isa = PBXFileReference; lastKnownFileType = sourcecode.swift; path = PersistenceController.swift; sourceTree = "<group>"; };
		3ED73FF3F9A6279E09FDC7BF /* WorkoutStateManager.swift */ = {isa = PBXFileReference; includeInIndex = 1; lastKnownFileType = sourcecode.swift; path = WorkoutStateManager.swift; sourceTree = "<group>"; };
		41EEDE2D06894E4A567DA141 /* TimerViewModel.swift */ = {isa = PBXFileReference; lastKnownFileType = sourcecode.swift; path = TimerViewModel.swift; sourceTree = "<group>"; };
		436F90621FFAF3AD3452711A /* RxTimerApp.swift */ = {isa = PBXFileReference; lastKnownFileType = sourcecode.swift; path = RxTimerApp.swift; sourceTree = "<group>"; };
		4E0097A7690165E73E7A302F /* WorkoutHistoryView.swift */ = {isa = PBXFileReference; includeInIndex = 1; lastKnownFileType = sourcecode.swift; path = WorkoutHistoryView.swift; sourceTree = "<group>"; };
		51570F093954B65F706F7C19 /* Info.plist */ = {isa = PBXFileReference; lastKnownFileType = text.plist.xml; path = Info.plist; sourceTree = "<group>"; };
		56257AB8AEC0E93AE14629CB /* TimerState.swift */ = {isa = PBXFileReference; lastKnownFileType = sourcecode.swift; path = TimerState.swift; sourceTree = "<group>"; };
		6288FA1E37101CDADBDE7AEA /* WorkoutSummaryView.swift */ = {isa = PBXFileReference; includeInIndex = 1; lastKnownFileType = sourcecode.swift; path = WorkoutSummaryView.swift; sourceTree = "<group>"; };
		6775CB8C0A32B833AE93D25B /* AudioService.swift */ = {isa = PBXFileReference; lastKnownFileType = sourcecode.swift; path = AudioService.swift; sourceTree = "<group>"; };
		6888E08EA1AD4E654D5C5308 /* TimingDriftTests.swift */ = {isa = PBXFileReference; lastKnownFileType = sourcecode.swift; path = TimingDriftTests.swift; sourceTree = "<group>"; };
		6F71F55CD9A45C76190D2A5C /* InlineConfigureTimerView.swift */ = {isa = PBXFileReference; lastKnownFileType = sourcecode.swift; path = InlineConfigureTimerView.swift; sourceTree = "<group>"; };
		6FBD61246689EA445449F3B0 /* end.caf */ = {isa = PBXFileReference; lastKnownFileType = file; path = end.caf; sourceTree = "<group>"; };
		7BCCADA3021C07D12E775CB5 /* WorkoutTimer.app */ = {isa = PBXFileReference; explicitFileType = wrapper.application; includeInIndex = 0; path = WorkoutTimer.app; sourceTree = BUILT_PRODUCTS_DIR; };
		8812F11CCDDC4C51978F0F48 /* WorkoutDetailView.swift */ = {isa = PBXFileReference; includeInIndex = 1; lastKnownFileType = sourcecode.swift; path = WorkoutDetailView.swift; sourceTree = "<group>"; };
		896BB817599A464357C85456 /* tick.caf */ = {isa = PBXFileReference; lastKnownFileType = file; path = tick.caf; sourceTree = "<group>"; };
		9ABD60EED1222F06077BABE1 /* StateRestorationTests.swift */ = {isa = PBXFileReference; includeInIndex = 1; lastKnownFileType = sourcecode.swift; path = StateRestorationTests.swift; sourceTree = "<group>"; };
		9B898728DEE1BC31BA0BD391 /* warn.caf */ = {isa = PBXFileReference; lastKnownFileType = file; path = warn.caf; sourceTree = "<group>"; };
		D446CAAAE89B233DF0EA0768 /* Workout+DisplayData.swift */ = {isa = PBXFileReference; includeInIndex = 1; lastKnownFileType = sourcecode.swift; path = "Workout+DisplayData.swift"; sourceTree = "<group>"; };
		D73555C4A91B4E9B54E92190 /* TimerView.swift */ = {isa = PBXFileReference; lastKnownFileType = sourcecode.swift; path = TimerView.swift; sourceTree = "<group>"; };
		D9BB60721E39240A9E9BB3A2 /* start.caf */ = {isa = PBXFileReference; lastKnownFileType = file; path = start.caf; sourceTree = "<group>"; };
		E488BC7001CAEEF26453D797 /* TimerConfiguration.swift */ = {isa = PBXFileReference; lastKnownFileType = sourcecode.swift; path = TimerConfiguration.swift; sourceTree = "<group>"; };
		E9C2B90A5DCA5D29F2BEC039 /* Assets.xcassets */ = {isa = PBXFileReference; lastKnownFileType = folder.assetcatalog; path = Assets.xcassets; sourceTree = "<group>"; };
		EC721223F4FDB565AD0CFE09 /* NotificationService.swift */ = {isa = PBXFileReference; lastKnownFileType = sourcecode.swift; path = NotificationService.swift; sourceTree = "<group>"; };
		F25A0AD4E0D30B15C17819A5 /* silence.m4a */ = {isa = PBXFileReference; lastKnownFileType = file; path = silence.m4a; sourceTree = "<group>"; };
		F25B605ED1FF3384317A3E8A /* WorkoutSummaryContentView.swift */ = {isa = PBXFileReference; includeInIndex = 1; lastKnownFileType = sourcecode.swift; path = WorkoutSummaryContentView.swift; sourceTree = "<group>"; };
		F6EFA8CCA11632AF5CB445D8 /* WorkoutTimer.xcdatamodeld */ = {isa = PBXFileReference; lastKnownFileType = wrapper.xcdatamodel; path = WorkoutTimer.xcdatamodeld; sourceTree = "<group>"; };
		F75A1D91007BB127A056496B /* BigTimeDisplay.swift */ = {isa = PBXFileReference; lastKnownFileType = sourcecode.swift; path = BigTimeDisplay.swift; sourceTree = "<group>"; };
		A1B2C3D4E5F6789012345678 /* QuickStartCountdownToast.swift */ = {isa = PBXFileReference; lastKnownFileType = sourcecode.swift; path = QuickStartCountdownToast.swift; sourceTree = "<group>"; };
		B2C3D4E5F67890123456789A /* SidebarTimerRow.swift */ = {isa = PBXFileReference; lastKnownFileType = sourcecode.swift; path = SidebarTimerRow.swift; sourceTree = "<group>"; };
		C3D4E5F67890123456789ABC /* MainContainerViewModel.swift */ = {isa = PBXFileReference; lastKnownFileType = sourcecode.swift; path = MainContainerViewModel.swift; sourceTree = "<group>"; };
		FD434AD686CA9B1E19061636 /* HapticService.swift */ = {isa = PBXFileReference; lastKnownFileType = sourcecode.swift; path = HapticService.swift; sourceTree = "<group>"; };
		FD781737912097014A983ACD /* MainContainerView.swift */ = {isa = PBXFileReference; lastKnownFileType = sourcecode.swift; path = MainContainerView.swift; sourceTree = "<group>"; };
/* End PBXFileReference section */

/* Begin PBXFrameworksBuildPhase section */
		56BAF137DAAFD967197255D3 /* Frameworks */ = {
			isa = PBXFrameworksBuildPhase;
			buildActionMask = 2147483647;
			files = (
			);
			runOnlyForDeploymentPostprocessing = 0;
		};
		72EAF812E2D653AC0BDA8C73 /* Frameworks */ = {
			isa = PBXFrameworksBuildPhase;
			buildActionMask = 2147483647;
			files = (
			);
			runOnlyForDeploymentPostprocessing = 0;
		};
/* End PBXFrameworksBuildPhase section */

/* Begin PBXGroup section */
		095FEE2E633C50D24407F2D6 /* App */ = {
			isa = PBXGroup;
			children = (
				436F90621FFAF3AD3452711A /* RxTimerApp.swift */,
			);
			path = App;
			sourceTree = "<group>";
		};
		0ECEC165EE4DFB177DC80E73 /* Resources */ = {
			isa = PBXGroup;
			children = (
				E9C2B90A5DCA5D29F2BEC039 /* Assets.xcassets */,
				B452940829D20353CA3AEC80 /* Audio */,
			);
			path = Resources;
			sourceTree = "<group>";
		};
		508B330CCDE923938D8FFB64 /* Components */ = {
			isa = PBXGroup;
			children = (
				F75A1D91007BB127A056496B /* BigTimeDisplay.swift */,
				A1B2C3D4E5F6789012345678 /* QuickStartCountdownToast.swift */,
				B2C3D4E5F67890123456789A /* SidebarTimerRow.swift */,
				F25B605ED1FF3384317A3E8A /* WorkoutSummaryContentView.swift */,
			);
			path = Components;
			sourceTree = "<group>";
		};
		516831D832DDC7318520265A /* Tests */ = {
			isa = PBXGroup;
			children = (
				E82314D1AED0D888F3B525CC /* DomainTests */,
			);
			path = Tests;
			sourceTree = "<group>";
		};
		5928955287B8089ED2177128 = {
			isa = PBXGroup;
			children = (
				D685C104AFFBCF83C7CB0FB6 /* Sources */,
				0ECEC165EE4DFB177DC80E73 /* Resources */,
				516831D832DDC7318520265A /* Tests */,
				51570F093954B65F706F7C19 /* Info.plist */,
				BF7A2D27A78D590BDEF15AF2 /* Products */,
			);
			sourceTree = "<group>";
		};
		73578CFB312B318FC7348DB6 /* Screens */ = {
			isa = PBXGroup;
			children = (
				D73555C4A91B4E9B54E92190 /* TimerView.swift */,
				6F71F55CD9A45C76190D2A5C /* InlineConfigureTimerView.swift */,
				FD781737912097014A983ACD /* MainContainerView.swift */,
				4E0097A7690165E73E7A302F /* WorkoutHistoryView.swift */,
				8812F11CCDDC4C51978F0F48 /* WorkoutDetailView.swift */,
				6288FA1E37101CDADBDE7AEA /* WorkoutSummaryView.swift */,
				3E3A93E9738FEC96B97C487E /* AppNavigationState.swift */,
			);
			path = Screens;
			sourceTree = "<group>";
		};
		7B695DEBC571F57471B47524 /* UI */ = {
			isa = PBXGroup;
			children = (
				E3EEF78AC67933824D83D3B4 /* ViewModels */,
				73578CFB312B318FC7348DB6 /* Screens */,
				508B330CCDE923938D8FFB64 /* Components */,
				EAA254D6F28075E0A6D5E3CB /* Navigation */,
			);
			path = UI;
			sourceTree = "<group>";
		};
		840E4C7F83D8A80EC003E8D0 /* Domain */ = {
			isa = PBXGroup;
			children = (
				C2B2C90D486CB339AA37D21B /* Engine */,
				CA608C0B22E7B6F9B389BDDD /* Models */,
			);
			path = Domain;
			sourceTree = "<group>";
		};
		95DF61116CBC7317336DBE03 /* Services */ = {
			isa = PBXGroup;
			children = (
				6775CB8C0A32B833AE93D25B /* AudioService.swift */,
				37AC499A71F680300B57EF4C /* BackgroundAudioService.swift */,
				FD434AD686CA9B1E19061636 /* HapticService.swift */,
				EC721223F4FDB565AD0CFE09 /* NotificationService.swift */,
				3ED73FF3F9A6279E09FDC7BF /* WorkoutStateManager.swift */,
			);
			path = Services;
			sourceTree = "<group>";
		};
		B452940829D20353CA3AEC80 /* Audio */ = {
			isa = PBXGroup;
			children = (
				F25A0AD4E0D30B15C17819A5 /* silence.m4a */,
				D9BB60721E39240A9E9BB3A2 /* start.caf */,
				896BB817599A464357C85456 /* tick.caf */,
				9B898728DEE1BC31BA0BD391 /* warn.caf */,
				3CEF841D69CC8188B302F4E0 /* beep_1hz.caf */,
				6FBD61246689EA445449F3B0 /* end.caf */,
			);
			path = Audio;
			sourceTree = "<group>";
		};
		BF7A2D27A78D590BDEF15AF2 /* Products */ = {
			isa = PBXGroup;
			children = (
				7BCCADA3021C07D12E775CB5 /* WorkoutTimer.app */,
				195F9293022CEE80C9E8D0C0 /* WorkoutTimerTests.xctest */,
			);
			name = Products;
			sourceTree = "<group>";
		};
		C2B2C90D486CB339AA37D21B /* Engine */ = {
			isa = PBXGroup;
			children = (
				322FCAF1F95F95765BE52DA1 /* TimerEngine.swift */,
			);
			path = Engine;
			sourceTree = "<group>";
		};
		C8EBCEBB99B1362CB777D869 /* Persistence */ = {
			isa = PBXGroup;
			children = (
				3EA891C8952EFA844C1E13C5 /* PersistenceController.swift */,
				F6EFA8CCA11632AF5CB445D8 /* WorkoutTimer.xcdatamodeld */,
				D446CAAAE89B233DF0EA0768 /* Workout+DisplayData.swift */,
			);
			path = Persistence;
			sourceTree = "<group>";
		};
		CA608C0B22E7B6F9B389BDDD /* Models */ = {
			isa = PBXGroup;
			children = (
				E488BC7001CAEEF26453D797 /* TimerConfiguration.swift */,
				56257AB8AEC0E93AE14629CB /* TimerState.swift */,
				24EE43DFB8A2036994FB1343 /* TimerType.swift */,
			);
			path = Models;
			sourceTree = "<group>";
		};
		D685C104AFFBCF83C7CB0FB6 /* Sources */ = {
			isa = PBXGroup;
			children = (
				095FEE2E633C50D24407F2D6 /* App */,
				840E4C7F83D8A80EC003E8D0 /* Domain */,
				95DF61116CBC7317336DBE03 /* Services */,
				C8EBCEBB99B1362CB777D869 /* Persistence */,
				7B695DEBC571F57471B47524 /* UI */,
			);
			path = Sources;
			sourceTree = "<group>";
		};
		E3EEF78AC67933824D83D3B4 /* ViewModels */ = {
			isa = PBXGroup;
			children = (
				C3D4E5F67890123456789ABC /* MainContainerViewModel.swift */,
				41EEDE2D06894E4A567DA141 /* TimerViewModel.swift */,
			);
			path = ViewModels;
			sourceTree = "<group>";
		};
		E82314D1AED0D888F3B525CC /* DomainTests */ = {
			isa = PBXGroup;
			children = (
				6888E08EA1AD4E654D5C5308 /* TimingDriftTests.swift */,
				9ABD60EED1222F06077BABE1 /* StateRestorationTests.swift */,
			);
			path = DomainTests;
			sourceTree = "<group>";
		};
		EAA254D6F28075E0A6D5E3CB /* Navigation */ = {
			isa = PBXGroup;
			children = (
			);
			name = Navigation;
			path = Sources/UI/Navigation;
			sourceTree = "<group>";
		};
/* End PBXGroup section */

/* Begin PBXNativeTarget section */
		6439CF22188FA14BBD363342 /* WorkoutTimer */ = {
			isa = PBXNativeTarget;
			buildConfigurationList = CBCA6636ECD2A41707A99674 /* Build configuration list for PBXNativeTarget "WorkoutTimer" */;
			buildPhases = (
				869AA75568406BC6181D282D /* Sources */,
				56BAF137DAAFD967197255D3 /* Frameworks */,
				77417434AB4C68AD87C05857 /* Resources */,
			);
			buildRules = (
			);
			dependencies = (
			);
			name = WorkoutTimer;
			productName = WorkoutTimer;
			productReference = 7BCCADA3021C07D12E775CB5 /* WorkoutTimer.app */;
			productType = "com.apple.product-type.application";
		};
		BA128F9D3C0D15FFB32AEEA8 /* WorkoutTimerTests */ = {
			isa = PBXNativeTarget;
			buildConfigurationList = 5FB07FFE4146CE2D6B3BAAA9 /* Build configuration list for PBXNativeTarget "WorkoutTimerTests" */;
			buildPhases = (
				6E010B3D85AA514D3FB28B7F /* Sources */,
				72EAF812E2D653AC0BDA8C73 /* Frameworks */,
				C279A62352D5669E78F3532A /* Resources */,
			);
			buildRules = (
			);
			dependencies = (
				EE543492886B1A944A594DA2 /* PBXTargetDependency */,
			);
			name = WorkoutTimerTests;
			productName = WorkoutTimerTests;
			productReference = 195F9293022CEE80C9E8D0C0 /* WorkoutTimerTests.xctest */;
			productType = "com.apple.product-type.bundle.unit-test";
		};
/* End PBXNativeTarget section */

/* Begin PBXProject section */
		0747348ABA4DBB245A962507 /* Project object */ = {
			isa = PBXProject;
			attributes = {
				BuildIndependentTargetsInParallel = 1;
				LastSwiftUpdateCheck = 1500;
				LastUpgradeCheck = 2610;
				TargetAttributes = {
					6439CF22188FA14BBD363342 = {
						CreatedOnToolsVersion = 15.0;
					};
					BA128F9D3C0D15FFB32AEEA8 = {
						CreatedOnToolsVersion = 15.0;
						TestTargetID = 6439CF22188FA14BBD363342;
					};
				};
			};
			buildConfigurationList = 547095AE1FCB6888116CDBC4 /* Build configuration list for PBXProject "WorkoutTimer" */;
			compatibilityVersion = "Xcode 14.0";
			developmentRegion = en;
			hasScannedForEncodings = 0;
			knownRegions = (
				en,
				Base,
			);
			mainGroup = 5928955287B8089ED2177128;
			productRefGroup = BF7A2D27A78D590BDEF15AF2 /* Products */;
			projectDirPath = "";
			projectRoot = "";
			targets = (
				6439CF22188FA14BBD363342 /* WorkoutTimer */,
				BA128F9D3C0D15FFB32AEEA8 /* WorkoutTimerTests */,
			);
		};
/* End PBXProject section */

/* Begin PBXResourcesBuildPhase section */
		77417434AB4C68AD87C05857 /* Resources */ = {
			isa = PBXResourcesBuildPhase;
			buildActionMask = 2147483647;
			files = (
				99810209AD4FE3320BC122AD /* Assets.xcassets in Resources */,
				EAE144492E1DA4003332DCDA /* silence.m4a in Resources */,
				94E850F24721A3EADB559440 /* start.caf in Resources */,
				D23D021AC1C7ACCF69813CD0 /* tick.caf in Resources */,
				7A3E57D3A8FC1B469B3875D7 /* warn.caf in Resources */,
				E955C7550F142E811C73E9AB /* beep_1hz.caf in Resources */,
				A40349881685B4C721B23980 /* end.caf in Resources */,
			);
			runOnlyForDeploymentPostprocessing = 0;
		};
		C279A62352D5669E78F3532A /* Resources */ = {
			isa = PBXResourcesBuildPhase;
			buildActionMask = 2147483647;
			files = (
			);
			runOnlyForDeploymentPostprocessing = 0;
		};
/* End PBXResourcesBuildPhase section */

/* Begin PBXSourcesBuildPhase section */
		6E010B3D85AA514D3FB28B7F /* Sources */ = {
			isa = PBXSourcesBuildPhase;
			buildActionMask = 2147483647;
			files = (
				2E89C91142AFADD595DF5A2D /* TimingDriftTests.swift in Sources */,
				3FD8150A43341245A6D1C636 /* StateRestorationTests.swift in Sources */,
			);
			runOnlyForDeploymentPostprocessing = 0;
		};
		869AA75568406BC6181D282D /* Sources */ = {
			isa = PBXSourcesBuildPhase;
			buildActionMask = 2147483647;
			files = (
				7B43A5891FDB5839E9F34F03 /* RxTimerApp.swift in Sources */,
				33B7F8E42C0B354F99CABB91 /* TimerEngine.swift in Sources */,
				9E028AEDF404DB52874560D8 /* TimerConfiguration.swift in Sources */,
				62E9F9545ED5D0B64A2E43E5 /* TimerState.swift in Sources */,
				F5ECD3515AB099C95AB1EA02 /* TimerType.swift in Sources */,
				246631B24FB02B483BC4840F /* PersistenceController.swift in Sources */,
				53B9B049575C1A3EA036CD4C /* AudioService.swift in Sources */,
				7C60C68A6EB928C577A62DEB /* BackgroundAudioService.swift in Sources */,
				91E885D8466CAB7920597322 /* HapticService.swift in Sources */,
				06C50122EF9909373073D390 /* NotificationService.swift in Sources */,
				6BF1DDE3E3425845C85AF8A0 /* BigTimeDisplay.swift in Sources */,
				6CF2E4D5F67890123456789D /* MainContainerViewModel.swift in Sources */,
				7AF3E5D6F78901234567890E /* QuickStartCountdownToast.swift in Sources */,
				8BF4E6D7F89012345678901F /* SidebarTimerRow.swift in Sources */,
				503AE6B7F7C2271E93677CE4 /* InlineConfigureTimerView.swift in Sources */,
				31F59083E0FE6548ADEE3F6B /* MainContainerView.swift in Sources */,
				07C1A05814F6F0DA7E585CEC /* TimerView.swift in Sources */,
				B6D31D9A57E583A584D37D5B /* TimerViewModel.swift in Sources */,
				1A8BC3E0092B9ECAECBE430C /* WorkoutTimer.xcdatamodeld in Sources */,
				E127F3DD43A7B218AE51ED97 /* WorkoutStateManager.swift in Sources */,
				4F156A685DCF3B45BDAD0D04 /* WorkoutHistoryView.swift in Sources */,
				B6C24DC8CCE108FE58EE3E0A /* WorkoutDetailView.swift in Sources */,
				993B496FFF3D03C54B51114F /* WorkoutSummaryView.swift in Sources */,
				12560BCE96B82A59F1CE7142 /* AppNavigationState.swift in Sources */,
				329452F6DAB36864F79D80F6 /* WorkoutSummaryContentView.swift in Sources */,
				D297B7079D7588ACDCD2A1E8 /* Workout+DisplayData.swift in Sources */,
			);
			runOnlyForDeploymentPostprocessing = 0;
		};
/* End PBXSourcesBuildPhase section */

/* Begin PBXTargetDependency section */
		EE543492886B1A944A594DA2 /* PBXTargetDependency */ = {
			isa = PBXTargetDependency;
			target = 6439CF22188FA14BBD363342 /* WorkoutTimer */;
			targetProxy = CE443B3C47ADC0559F5D21DE /* PBXContainerItemProxy */;
		};
/* End PBXTargetDependency section */

/* Begin XCBuildConfiguration section */
		2B2C0CD94A9655170E2F67D7 /* Debug */ = {
			isa = XCBuildConfiguration;
			buildSettings = {
				ASSETCATALOG_COMPILER_APPICON_NAME = AppIcon;
				ASSETCATALOG_COMPILER_GLOBAL_ACCENT_COLOR_NAME = AccentColor;
				CODE_SIGN_STYLE = Automatic;
				CURRENT_PROJECT_VERSION = 1;
				DEVELOPMENT_ASSET_PATHS = "";
				ENABLE_PREVIEWS = YES;
				GENERATE_INFOPLIST_FILE = NO;
				INFOPLIST_FILE = Info.plist;
				INFOPLIST_KEY_UIApplicationSceneManifest_Generation = YES;
				INFOPLIST_KEY_UIApplicationSupportsIndirectInputEvents = YES;
				INFOPLIST_KEY_UILaunchScreen_Generation = YES;
				INFOPLIST_KEY_UISupportedInterfaceOrientations = UIInterfaceOrientationPortrait;
				INFOPLIST_KEY_UISupportedInterfaceOrientations_iPad = "UIInterfaceOrientationPortrait UIInterfaceOrientationPortraitUpsideDown UIInterfaceOrientationLandscapeLeft UIInterfaceOrientationLandscapeRight";
				IPHONEOS_DEPLOYMENT_TARGET = 15.0;
				LD_RUNPATH_SEARCH_PATHS = (
					"$(inherited)",
					"@executable_path/Frameworks",
				);
				MARKETING_VERSION = 1.0;
				PRODUCT_BUNDLE_IDENTIFIER = com.yourcompany.WorkoutTimer;
				PRODUCT_NAME = "$(TARGET_NAME)";
				SWIFT_EMIT_LOC_STRINGS = YES;
				SWIFT_VERSION = 5.0;
				TARGETED_DEVICE_FAMILY = "1,2";
			};
			name = Debug;
		};
		485449C43C8525634626207D /* Release */ = {
			isa = XCBuildConfiguration;
			buildSettings = {
				BUNDLE_LOADER = "$(TEST_HOST)";
				CODE_SIGN_STYLE = Automatic;
				CURRENT_PROJECT_VERSION = 1;
				GENERATE_INFOPLIST_FILE = YES;
				IPHONEOS_DEPLOYMENT_TARGET = 15.0;
				MARKETING_VERSION = 1.0;
				PRODUCT_BUNDLE_IDENTIFIER = com.yourcompany.WorkoutTimerTests;
				PRODUCT_NAME = "$(TARGET_NAME)";
				SWIFT_EMIT_LOC_STRINGS = NO;
				SWIFT_VERSION = 5.0;
				TARGETED_DEVICE_FAMILY = "1,2";
				TEST_HOST = "$(BUILT_PRODUCTS_DIR)/WorkoutTimer.app/$(BUNDLE_EXECUTABLE_FOLDER_PATH)/WorkoutTimer";
			};
			name = Release;
		};
		8CCC4A7BD38DD668162EC233 /* Debug */ = {
			isa = XCBuildConfiguration;
			buildSettings = {
				ALWAYS_SEARCH_USER_PATHS = NO;
				CLANG_ANALYZER_NONNULL = YES;
				CLANG_ANALYZER_NUMBER_OBJECT_CONVERSION = YES_AGGRESSIVE;
				CLANG_CXX_LANGUAGE_STANDARD = "gnu++20";
				CLANG_ENABLE_MODULES = YES;
				CLANG_ENABLE_OBJC_ARC = YES;
				CLANG_ENABLE_OBJC_WEAK = YES;
				CLANG_WARN_BLOCK_CAPTURE_AUTORELEASING = YES;
				CLANG_WARN_BOOL_CONVERSION = YES;
				CLANG_WARN_COMMA = YES;
				CLANG_WARN_CONSTANT_CONVERSION = YES;
				CLANG_WARN_DEPRECATED_OBJC_IMPLEMENTATIONS = YES;
				CLANG_WARN_DIRECT_OBJC_ISA_USAGE = YES_ERROR;
				CLANG_WARN_DOCUMENTATION_COMMENTS = YES;
				CLANG_WARN_EMPTY_BODY = YES;
				CLANG_WARN_ENUM_CONVERSION = YES;
				CLANG_WARN_INFINITE_RECURSION = YES;
				CLANG_WARN_INT_CONVERSION = YES;
				CLANG_WARN_NON_LITERAL_NULL_CONVERSION = YES;
				CLANG_WARN_OBJC_IMPLICIT_RETAIN_SELF = YES;
				CLANG_WARN_OBJC_LITERAL_CONVERSION = YES;
				CLANG_WARN_OBJC_ROOT_CLASS = YES_ERROR;
				CLANG_WARN_QUOTED_INCLUDE_IN_FRAMEWORK_HEADER = YES;
				CLANG_WARN_RANGE_LOOP_ANALYSIS = YES;
				CLANG_WARN_STRICT_PROTOTYPES = YES;
				CLANG_WARN_SUSPICIOUS_MOVE = YES;
				CLANG_WARN_UNGUARDED_AVAILABILITY = YES_AGGRESSIVE;
				CLANG_WARN_UNREACHABLE_CODE = YES;
				CLANG_WARN__DUPLICATE_METHOD_MATCH = YES;
				COPY_PHASE_STRIP = NO;
				DEBUG_INFORMATION_FORMAT = dwarf;
				ENABLE_STRICT_OBJC_MSGSEND = YES;
				ENABLE_TESTABILITY = YES;
				ENABLE_USER_SCRIPT_SANDBOXING = YES;
				GCC_C_LANGUAGE_STANDARD = gnu11;
				GCC_DYNAMIC_NO_PIC = NO;
				GCC_NO_COMMON_BLOCKS = YES;
				GCC_OPTIMIZATION_LEVEL = 0;
				GCC_PREPROCESSOR_DEFINITIONS = (
					"DEBUG=1",
					"$(inherited)",
				);
				GCC_WARN_64_TO_32_BIT_CONVERSION = YES;
				GCC_WARN_ABOUT_RETURN_TYPE = YES_ERROR;
				GCC_WARN_UNDECLARED_SELECTOR = YES;
				GCC_WARN_UNINITIALIZED_AUTOS = YES_AGGRESSIVE;
				GCC_WARN_UNUSED_FUNCTION = YES;
				GCC_WARN_UNUSED_VARIABLE = YES;
				IPHONEOS_DEPLOYMENT_TARGET = 15.0;
				MTL_ENABLE_DEBUG_INFO = INCLUDE_SOURCE;
				MTL_FAST_MATH = YES;
				ONLY_ACTIVE_ARCH = YES;
				SDKROOT = iphoneos;
				STRING_CATALOG_GENERATE_SYMBOLS = YES;
				SWIFT_ACTIVE_COMPILATION_CONDITIONS = DEBUG;
				SWIFT_OPTIMIZATION_LEVEL = "-Onone";
			};
			name = Debug;
		};
		E53E595A87411AB04064ABEA /* Debug */ = {
			isa = XCBuildConfiguration;
			buildSettings = {
				BUNDLE_LOADER = "$(TEST_HOST)";
				CODE_SIGN_STYLE = Automatic;
				CURRENT_PROJECT_VERSION = 1;
				GENERATE_INFOPLIST_FILE = YES;
				IPHONEOS_DEPLOYMENT_TARGET = 15.0;
				MARKETING_VERSION = 1.0;
				PRODUCT_BUNDLE_IDENTIFIER = com.yourcompany.WorkoutTimerTests;
				PRODUCT_NAME = "$(TARGET_NAME)";
				SWIFT_EMIT_LOC_STRINGS = NO;
				SWIFT_VERSION = 5.0;
				TARGETED_DEVICE_FAMILY = "1,2";
				TEST_HOST = "$(BUILT_PRODUCTS_DIR)/WorkoutTimer.app/$(BUNDLE_EXECUTABLE_FOLDER_PATH)/WorkoutTimer";
			};
			name = Debug;
		};
		E9313C9864508F31E8675373 /* Release */ = {
			isa = XCBuildConfiguration;
			buildSettings = {
				ALWAYS_SEARCH_USER_PATHS = NO;
				CLANG_ANALYZER_NONNULL = YES;
				CLANG_ANALYZER_NUMBER_OBJECT_CONVERSION = YES_AGGRESSIVE;
				CLANG_CXX_LANGUAGE_STANDARD = "gnu++20";
				CLANG_ENABLE_MODULES = YES;
				CLANG_ENABLE_OBJC_ARC = YES;
				CLANG_ENABLE_OBJC_WEAK = YES;
				CLANG_WARN_BLOCK_CAPTURE_AUTORELEASING = YES;
				CLANG_WARN_BOOL_CONVERSION = YES;
				CLANG_WARN_COMMA = YES;
				CLANG_WARN_CONSTANT_CONVERSION = YES;
				CLANG_WARN_DEPRECATED_OBJC_IMPLEMENTATIONS = YES;
				CLANG_WARN_DIRECT_OBJC_ISA_USAGE = YES_ERROR;
				CLANG_WARN_DOCUMENTATION_COMMENTS = YES;
				CLANG_WARN_EMPTY_BODY = YES;
				CLANG_WARN_ENUM_CONVERSION = YES;
				CLANG_WARN_INFINITE_RECURSION = YES;
				CLANG_WARN_INT_CONVERSION = YES;
				CLANG_WARN_NON_LITERAL_NULL_CONVERSION = YES;
				CLANG_WARN_OBJC_IMPLICIT_RETAIN_SELF = YES;
				CLANG_WARN_OBJC_LITERAL_CONVERSION = YES;
				CLANG_WARN_OBJC_ROOT_CLASS = YES_ERROR;
				CLANG_WARN_QUOTED_INCLUDE_IN_FRAMEWORK_HEADER = YES;
				CLANG_WARN_RANGE_LOOP_ANALYSIS = YES;
				CLANG_WARN_STRICT_PROTOTYPES = YES;
				CLANG_WARN_SUSPICIOUS_MOVE = YES;
				CLANG_WARN_UNGUARDED_AVAILABILITY = YES_AGGRESSIVE;
				CLANG_WARN_UNREACHABLE_CODE = YES;
				CLANG_WARN__DUPLICATE_METHOD_MATCH = YES;
				COPY_PHASE_STRIP = NO;
				DEBUG_INFORMATION_FORMAT = "dwarf-with-dsym";
				ENABLE_NS_ASSERTIONS = NO;
				ENABLE_STRICT_OBJC_MSGSEND = YES;
				ENABLE_USER_SCRIPT_SANDBOXING = YES;
				GCC_C_LANGUAGE_STANDARD = gnu11;
				GCC_NO_COMMON_BLOCKS = YES;
				GCC_WARN_64_TO_32_BIT_CONVERSION = YES;
				GCC_WARN_ABOUT_RETURN_TYPE = YES_ERROR;
				GCC_WARN_UNDECLARED_SELECTOR = YES;
				GCC_WARN_UNINITIALIZED_AUTOS = YES_AGGRESSIVE;
				GCC_WARN_UNUSED_FUNCTION = YES;
				GCC_WARN_UNUSED_VARIABLE = YES;
				IPHONEOS_DEPLOYMENT_TARGET = 15.0;
				MTL_ENABLE_DEBUG_INFO = NO;
				MTL_FAST_MATH = YES;
				SDKROOT = iphoneos;
				STRING_CATALOG_GENERATE_SYMBOLS = YES;
				SWIFT_COMPILATION_MODE = wholemodule;
				SWIFT_OPTIMIZATION_LEVEL = "-O";
				VALIDATE_PRODUCT = YES;
			};
			name = Release;
		};
		FF45A35C6488A23632D6BAA0 /* Release */ = {
			isa = XCBuildConfiguration;
			buildSettings = {
				ASSETCATALOG_COMPILER_APPICON_NAME = AppIcon;
				ASSETCATALOG_COMPILER_GLOBAL_ACCENT_COLOR_NAME = AccentColor;
				CODE_SIGN_STYLE = Automatic;
				CURRENT_PROJECT_VERSION = 1;
				DEVELOPMENT_ASSET_PATHS = "";
				ENABLE_PREVIEWS = YES;
				GENERATE_INFOPLIST_FILE = NO;
				INFOPLIST_FILE = Info.plist;
				INFOPLIST_KEY_UIApplicationSceneManifest_Generation = YES;
				INFOPLIST_KEY_UIApplicationSupportsIndirectInputEvents = YES;
				INFOPLIST_KEY_UILaunchScreen_Generation = YES;
				INFOPLIST_KEY_UISupportedInterfaceOrientations = UIInterfaceOrientationPortrait;
				INFOPLIST_KEY_UISupportedInterfaceOrientations_iPad = "UIInterfaceOrientationPortrait UIInterfaceOrientationPortraitUpsideDown UIInterfaceOrientationLandscapeLeft UIInterfaceOrientationLandscapeRight";
				IPHONEOS_DEPLOYMENT_TARGET = 15.0;
				LD_RUNPATH_SEARCH_PATHS = (
					"$(inherited)",
					"@executable_path/Frameworks",
				);
				MARKETING_VERSION = 1.0;
				PRODUCT_BUNDLE_IDENTIFIER = com.yourcompany.WorkoutTimer;
				PRODUCT_NAME = "$(TARGET_NAME)";
				SWIFT_EMIT_LOC_STRINGS = YES;
				SWIFT_VERSION = 5.0;
				TARGETED_DEVICE_FAMILY = "1,2";
			};
			name = Release;
		};
/* End XCBuildConfiguration section */

/* Begin XCConfigurationList section */
		547095AE1FCB6888116CDBC4 /* Build configuration list for PBXProject "WorkoutTimer" */ = {
			isa = XCConfigurationList;
			buildConfigurations = (
				8CCC4A7BD38DD668162EC233 /* Debug */,
				E9313C9864508F31E8675373 /* Release */,
			);
			defaultConfigurationIsVisible = 0;
			defaultConfigurationName = Release;
		};
		5FB07FFE4146CE2D6B3BAAA9 /* Build configuration list for PBXNativeTarget "WorkoutTimerTests" */ = {
			isa = XCConfigurationList;
			buildConfigurations = (
				E53E595A87411AB04064ABEA /* Debug */,
				485449C43C8525634626207D /* Release */,
			);
			defaultConfigurationIsVisible = 0;
			defaultConfigurationName = Release;
		};
		CBCA6636ECD2A41707A99674 /* Build configuration list for PBXNativeTarget "WorkoutTimer" */ = {
			isa = XCConfigurationList;
			buildConfigurations = (
				2B2C0CD94A9655170E2F67D7 /* Debug */,
				FF45A35C6488A23632D6BAA0 /* Release */,
			);
			defaultConfigurationIsVisible = 0;
			defaultConfigurationName = Release;
		};
/* End XCConfigurationList section */
	};
	rootObject = 0747348ABA4DBB245A962507 /* Project object */;
}
