// !$*UTF8*$!
{
	archiveVersion = 1;
	classes = {
	};
	objectVersion = 56;
	objects = {

/* Begin PBXBuildFile section */
		25F40F507676274F6A55A934 /* TimerViewModel.swift in Sources */ = {isa = PBXBuildFile; fileRef = 41EEDE2D06894E4A567DA141 /* TimerViewModel.swift */; };
		27035713E1CC1E9400955AA4 /* InlineConfigureTimerView.swift in Sources */ = {isa = PBXBuildFile; fileRef = 6F71F55CD9A45C76190D2A5C /* InlineConfigureTimerView.swift */; };
		2722E44C0C5FD83841949B69 /* TimerSelectionView.swift in Sources */ = {isa = PBXBuildFile; fileRef = B21E5E7D26EBC245A348AB77 /* TimerSelectionView.swift */; };
		2A738EB113746E5D497117CF /* PersistenceController.swift in Sources */ = {isa = PBXBuildFile; fileRef = 3EA891C8952EFA844C1E13C5 /* PersistenceController.swift */; };
		2E89C91142AFADD595DF5A2D /* TimingDriftTests.swift in Sources */ = {isa = PBXBuildFile; fileRef = 6888E08EA1AD4E654D5C5308 /* TimingDriftTests.swift */; };
		31275AF3653FEEC5C93939B9 /* WorkoutStateManager.swift in Sources */ = {isa = PBXBuildFile; fileRef = 2317A3EAFCC9FF6CC1538FFD /* WorkoutStateManager.swift */; };
		38B77A0FF3D1FFF94AC3363B /* WorkoutTimer.xcdatamodeld in Sources */ = {isa = PBXBuildFile; fileRef = F6EFA8CCA11632AF5CB445D8 /* WorkoutTimer.xcdatamodeld */; };
		38EA5AEF8BBF5A34349C079D /* WorkoutHistoryView.swift in Sources */ = {isa = PBXBuildFile; fileRef = 8988304F814D9BE38F446969 /* WorkoutHistoryView.swift */; };
		397C0248A5091E508869D7F3 /* TimerSelectionViewModel.swift in Sources */ = {isa = PBXBuildFile; fileRef = 28CC247F584A68463E434AF7 /* TimerSelectionViewModel.swift */; };
		3B6F26CF8F73E202F0916265 /* BigTimeDisplay.swift in Sources */ = {isa = PBXBuildFile; fileRef = F75A1D91007BB127A056496B /* BigTimeDisplay.swift */; };
		3CFC01B719E73D3A9A3540DF /* go.caf in Resources */ = {isa = PBXBuildFile; fileRef = 0CB8ABF5FBA40AB5F5CDFD49 /* go.caf */; };
		3EA28FBC82D087AD2F5A6216 /* two.caf in Resources */ = {isa = PBXBuildFile; fileRef = A297C579702340446E35DD19 /* two.caf */; };
		3FB511B925618F20805F44F4 /* WorkoutDetailView.swift in Sources */ = {isa = PBXBuildFile; fileRef = F39E34AF23906125A657213F /* WorkoutDetailView.swift */; };
		4B3ED36A3C0A3EC2152F73B9 /* TimerConfiguration.swift in Sources */ = {isa = PBXBuildFile; fileRef = E488BC7001CAEEF26453D797 /* TimerConfiguration.swift */; };
		593C1A5C5627083F8EE149B0 /* AppNavigationState.swift in Sources */ = {isa = PBXBuildFile; fileRef = 3E3A93E9738FEC96B97C487E /* AppNavigationState.swift */; };
		601B543EC4D0C9E6365672B1 /* BackgroundAudioService.swift in Sources */ = {isa = PBXBuildFile; fileRef = 37AC499A71F680300B57EF4C /* BackgroundAudioService.swift */; };
		6F7F9A401918B8002A9FE0C6 /* StateRestorationTests.swift in Sources */ = {isa = PBXBuildFile; fileRef = BE2A76547EB23108DECD6D01 /* StateRestorationTests.swift */; };
		715E23BD8625D861C922AEF1 /* two.caf in Resources */ = {isa = PBXBuildFile; fileRef = A297C579702340446E35DD19 /* two.caf */; };
		727A124A79C79850F4FE0565 /* Workout+DisplayData.swift in Sources */ = {isa = PBXBuildFile; fileRef = D446CAAAE89B233DF0EA0768 /* Workout+DisplayData.swift */; };
		7A3E57D3A8FC1B469B3875D7 /* warn.caf in Resources */ = {isa = PBXBuildFile; fileRef = 9B898728DEE1BC31BA0BD391 /* warn.caf */; };
		7B9B765916CABE09D8F5A2B5 /* go.caf in Resources */ = {isa = PBXBuildFile; fileRef = 0CB8ABF5FBA40AB5F5CDFD49 /* go.caf */; };
		8BAA4C65D4C81C64A711FB19 /* TimerView.swift in Sources */ = {isa = PBXBuildFile; fileRef = D73555C4A91B4E9B54E92190 /* TimerView.swift */; };
		9076B6333CA1AB9864A2CA26 /* RxTimerApp.swift in Sources */ = {isa = PBXBuildFile; fileRef = 436F90621FFAF3AD3452711A /* RxTimerApp.swift */; };
		94E850F24721A3EADB559440 /* start.caf in Resources */ = {isa = PBXBuildFile; fileRef = D9BB60721E39240A9E9BB3A2 /* start.caf */; };
		96750E6BC89E8F098A0B1991 /* WorkoutSummaryContentView.swift in Sources */ = {isa = PBXBuildFile; fileRef = F25B605ED1FF3384317A3E8A /* WorkoutSummaryContentView.swift */; };
		99810209AD4FE3320BC122AD /* Assets.xcassets in Resources */ = {isa = PBXBuildFile; fileRef = E9C2B90A5DCA5D29F2BEC039 /* Assets.xcassets */; };
		A40349881685B4C721B23980 /* end.caf in Resources */ = {isa = PBXBuildFile; fileRef = 6FBD61246689EA445449F3B0 /* end.caf */; };
		B1C9E18DA577F4D0B7444FC9 /* MainContainerView.swift in Sources */ = {isa = PBXBuildFile; fileRef = FD781737912097014A983ACD /* MainContainerView.swift */; };
		BBD0A00ADCB91180C3A959EE /* TimerState.swift in Sources */ = {isa = PBXBuildFile; fileRef = 56257AB8AEC0E93AE14629CB /* TimerState.swift */; };
		C3926F6ECB2D3134543F3F10 /* TimerType.swift in Sources */ = {isa = PBXBuildFile; fileRef = 24EE43DFB8A2036994FB1343 /* TimerType.swift */; };
		C702EC64BFB0980B0568E5F3 /* one.caf in Resources */ = {isa = PBXBuildFile; fileRef = B2ADF3A433A4071813BF2B4C /* one.caf */; };
		D23D021AC1C7ACCF69813CD0 /* tick.caf in Resources */ = {isa = PBXBuildFile; fileRef = 896BB817599A464357C85456 /* tick.caf */; };
		D38CC199FFB1E18CD4297A8A /* three.caf in Resources */ = {isa = PBXBuildFile; fileRef = 5C1E02DE0C8780DD41613146 /* three.caf */; };
		D61F0122ACE53A12CE8825E0 /* TimerTypeCard.swift in Sources */ = {isa = PBXBuildFile; fileRef = DEE5E181EC4B2C8C3F7B5AA3 /* TimerTypeCard.swift */; };
		DD160BA7192BB85C7D6E09A4 /* NotificationService.swift in Sources */ = {isa = PBXBuildFile; fileRef = EC721223F4FDB565AD0CFE09 /* NotificationService.swift */; };
		E7629DD7187933487ABA2A9C /* three.caf in Resources */ = {isa = PBXBuildFile; fileRef = 5C1E02DE0C8780DD41613146 /* three.caf */; };
		E7C30D9E6765F8723EF0D854 /* AudioService.swift in Sources */ = {isa = PBXBuildFile; fileRef = 6775CB8C0A32B833AE93D25B /* AudioService.swift */; };
		E955C7550F142E811C73E9AB /* beep_1hz.caf in Resources */ = {isa = PBXBuildFile; fileRef = 3CEF841D69CC8188B302F4E0 /* beep_1hz.caf */; };
		EAE144492E1DA4003332DCDA /* silence.m4a in Resources */ = {isa = PBXBuildFile; fileRef = F25A0AD4E0D30B15C17819A5 /* silence.m4a */; };
		EFBE5078EE3A4C98E6552AA8 /* TimerEngine.swift in Sources */ = {isa = PBXBuildFile; fileRef = 322FCAF1F95F95765BE52DA1 /* TimerEngine.swift */; };
		EFDCB0FF4EC3DF3C26404793 /* WorkoutSummaryView.swift in Sources */ = {isa = PBXBuildFile; fileRef = 0BC0385396CA0989DC979712 /* WorkoutSummaryView.swift */; };
		F69860CE6F8C05E818EB17D3 /* HapticService.swift in Sources */ = {isa = PBXBuildFile; fileRef = FD434AD686CA9B1E19061636 /* HapticService.swift */; };
		F7CAC2B27A219F8201DC9ACC /* one.caf in Resources */ = {isa = PBXBuildFile; fileRef = B2ADF3A433A4071813BF2B4C /* one.caf */; };
/* End PBXBuildFile section */

/* Begin PBXContainerItemProxy section */
		CE443B3C47ADC0559F5D21DE /* PBXContainerItemProxy */ = {
			isa = PBXContainerItemProxy;
			containerPortal = 0747348ABA4DBB245A962507 /* Project object */;
			proxyType = 1;
			remoteGlobalIDString = 6439CF22188FA14BBD363342;
			remoteInfo = WorkoutTimer;
		};
/* End PBXContainerItemProxy section */

/* Begin PBXFileReference section */
		0566BAE9E6F7E33845ACC0BC /* TimerSelectionViewModel.swift */ = {isa = PBXFileReference; includeInIndex = 1; lastKnownFileType = sourcecode.swift; name = TimerSelectionViewModel.swift; path = Sources/UI/ViewModels/TimerSelectionViewModel.swift; sourceTree = "<group>"; };
		0BC0385396CA0989DC979712 /* WorkoutSummaryView.swift */ = {isa = PBXFileReference; includeInIndex = 1; lastKnownFileType = sourcecode.swift; path = WorkoutSummaryView.swift; sourceTree = "<group>"; };
		0CB8ABF5FBA40AB5F5CDFD49 /* go.caf */ = {isa = PBXFileReference; includeInIndex = 1; lastKnownFileType = file; path = go.caf; sourceTree = "<group>"; };
		0FC7AC7E6F0263F1B2F51CE4 /* WorkoutSummaryView.swift */ = {isa = PBXFileReference; includeInIndex = 1; lastKnownFileType = sourcecode.swift; name = WorkoutSummaryView.swift; path = Sources/UI/Screens/WorkoutSummaryView.swift; sourceTree = "<group>"; };
		12F890DA07FF7BD90FA8B772 /* QuickStartConfirmationSheet.swift */ = {isa = PBXFileReference; includeInIndex = 1; lastKnownFileType = sourcecode.swift; name = QuickStartConfirmationSheet.swift; path = Sources/UI/Components/QuickStartConfirmationSheet.swift; sourceTree = "<group>"; };
		195F9293022CEE80C9E8D0C0 /* WorkoutTimerTests.xctest */ = {isa = PBXFileReference; explicitFileType = wrapper.cfbundle; includeInIndex = 0; path = WorkoutTimerTests.xctest; sourceTree = BUILT_PRODUCTS_DIR; };
		2317A3EAFCC9FF6CC1538FFD /* WorkoutStateManager.swift */ = {isa = PBXFileReference; includeInIndex = 1; lastKnownFileType = sourcecode.swift; path = WorkoutStateManager.swift; sourceTree = "<group>"; };
		24EE43DFB8A2036994FB1343 /* TimerType.swift */ = {isa = PBXFileReference; lastKnownFileType = sourcecode.swift; path = TimerType.swift; sourceTree = "<group>"; };
		28CC247F584A68463E434AF7 /* TimerSelectionViewModel.swift */ = {isa = PBXFileReference; includeInIndex = 1; lastKnownFileType = sourcecode.swift; path = TimerSelectionViewModel.swift; sourceTree = "<group>"; };
		322FCAF1F95F95765BE52DA1 /* TimerEngine.swift */ = {isa = PBXFileReference; lastKnownFileType = sourcecode.swift; path = TimerEngine.swift; sourceTree = "<group>"; };
		372AB8FBBFC55BBEE0F926E7 /* QuickStartConfirmationSheet.swift */ = {isa = PBXFileReference; includeInIndex = 1; lastKnownFileType = sourcecode.swift; name = QuickStartConfirmationSheet.swift; path = Sources/UI/Components/QuickStartConfirmationSheet.swift; sourceTree = "<group>"; };
		37AC499A71F680300B57EF4C /* BackgroundAudioService.swift */ = {isa = PBXFileReference; lastKnownFileType = sourcecode.swift; path = BackgroundAudioService.swift; sourceTree = "<group>"; };
		3CEF841D69CC8188B302F4E0 /* beep_1hz.caf */ = {isa = PBXFileReference; lastKnownFileType = file; path = beep_1hz.caf; sourceTree = "<group>"; };
		3E3A93E9738FEC96B97C487E /* AppNavigationState.swift */ = {isa = PBXFileReference; includeInIndex = 1; lastKnownFileType = sourcecode.swift; path = AppNavigationState.swift; sourceTree = "<group>"; };
		3EA891C8952EFA844C1E13C5 /* PersistenceController.swift */ = {isa = PBXFileReference; lastKnownFileType = sourcecode.swift; path = PersistenceController.swift; sourceTree = "<group>"; };
		41EEDE2D06894E4A567DA141 /* TimerViewModel.swift */ = {isa = PBXFileReference; lastKnownFileType = sourcecode.swift; path = TimerViewModel.swift; sourceTree = "<group>"; };
		436F90621FFAF3AD3452711A /* RxTimerApp.swift */ = {isa = PBXFileReference; lastKnownFileType = sourcecode.swift; path = RxTimerApp.swift; sourceTree = "<group>"; };
		4492CB260A00D2BBEB917DB1 /* WorkoutStateManager.swift */ = {isa = PBXFileReference; includeInIndex = 1; lastKnownFileType = sourcecode.swift; name = WorkoutStateManager.swift; path = Sources/Services/WorkoutStateManager.swift; sourceTree = "<group>"; };
		51570F093954B65F706F7C19 /* Info.plist */ = {isa = PBXFileReference; lastKnownFileType = text.plist.xml; path = Info.plist; sourceTree = "<group>"; };
		56257AB8AEC0E93AE14629CB /* TimerState.swift */ = {isa = PBXFileReference; lastKnownFileType = sourcecode.swift; path = TimerState.swift; sourceTree = "<group>"; };
		5C1E02DE0C8780DD41613146 /* three.caf */ = {isa = PBXFileReference; includeInIndex = 1; lastKnownFileType = file; path = three.caf; sourceTree = "<group>"; };
		65964A40D3B7770E061C79DB /* LongDurationTimingTests.swift */ = {isa = PBXFileReference; includeInIndex = 1; lastKnownFileType = sourcecode.swift; name = LongDurationTimingTests.swift; path = Tests/DomainTests/LongDurationTimingTests.swift; sourceTree = "<group>"; };
		6775CB8C0A32B833AE93D25B /* AudioService.swift */ = {isa = PBXFileReference; lastKnownFileType = sourcecode.swift; path = AudioService.swift; sourceTree = "<group>"; };
		6888E08EA1AD4E654D5C5308 /* TimingDriftTests.swift */ = {isa = PBXFileReference; lastKnownFileType = sourcecode.swift; path = TimingDriftTests.swift; sourceTree = "<group>"; };
		6F71F55CD9A45C76190D2A5C /* InlineConfigureTimerView.swift */ = {isa = PBXFileReference; lastKnownFileType = sourcecode.swift; path = InlineConfigureTimerView.swift; sourceTree = "<group>"; };
		6FBD61246689EA445449F3B0 /* end.caf */ = {isa = PBXFileReference; lastKnownFileType = file; path = end.caf; sourceTree = "<group>"; };
		7BCCADA3021C07D12E775CB5 /* WorkoutTimer.app */ = {isa = PBXFileReference; explicitFileType = wrapper.application; includeInIndex = 0; path = WorkoutTimer.app; sourceTree = BUILT_PRODUCTS_DIR; };
		896BB817599A464357C85456 /* tick.caf */ = {isa = PBXFileReference; lastKnownFileType = file; path = tick.caf; sourceTree = "<group>"; };
		8988304F814D9BE38F446969 /* WorkoutHistoryView.swift */ = {isa = PBXFileReference; includeInIndex = 1; lastKnownFileType = sourcecode.swift; path = WorkoutHistoryView.swift; sourceTree = "<group>"; };
		9779E4C91E2994381C7C8F47 /* TimerTypeCard.swift */ = {isa = PBXFileReference; includeInIndex = 1; lastKnownFileType = sourcecode.swift; name = TimerTypeCard.swift; path = Sources/UI/Components/TimerTypeCard.swift; sourceTree = "<group>"; };
		9B898728DEE1BC31BA0BD391 /* warn.caf */ = {isa = PBXFileReference; lastKnownFileType = file; path = warn.caf; sourceTree = "<group>"; };
		A297C579702340446E35DD19 /* two.caf */ = {isa = PBXFileReference; includeInIndex = 1; lastKnownFileType = file; path = two.caf; sourceTree = "<group>"; };
		B21E5E7D26EBC245A348AB77 /* TimerSelectionView.swift */ = {isa = PBXFileReference; includeInIndex = 1; lastKnownFileType = sourcecode.swift; path = TimerSelectionView.swift; sourceTree = "<group>"; };
		B2ADF3A433A4071813BF2B4C /* one.caf */ = {isa = PBXFileReference; includeInIndex = 1; lastKnownFileType = file; path = one.caf; sourceTree = "<group>"; };
		B91E87E1E58959B191C6AA36 /* WorkoutHistoryView.swift */ = {isa = PBXFileReference; includeInIndex = 1; lastKnownFileType = sourcecode.swift; name = WorkoutHistoryView.swift; path = Sources/UI/Screens/WorkoutHistoryView.swift; sourceTree = "<group>"; };
		BE2A76547EB23108DECD6D01 /* StateRestorationTests.swift */ = {isa = PBXFileReference; includeInIndex = 1; lastKnownFileType = sourcecode.swift; name = StateRestorationTests.swift; path = Tests/DomainTests/StateRestorationTests.swift; sourceTree = "<group>"; };
		C03E2F0139BBB5F41F52E447 /* TimerSelectionView.swift */ = {isa = PBXFileReference; includeInIndex = 1; lastKnownFileType = sourcecode.swift; name = TimerSelectionView.swift; path = Sources/UI/Screens/TimerSelectionView.swift; sourceTree = "<group>"; };
		D446CAAAE89B233DF0EA0768 /* Workout+DisplayData.swift */ = {isa = PBXFileReference; includeInIndex = 1; lastKnownFileType = sourcecode.swift; path = "Workout+DisplayData.swift"; sourceTree = "<group>"; };
		D73555C4A91B4E9B54E92190 /* TimerView.swift */ = {isa = PBXFileReference; lastKnownFileType = sourcecode.swift; path = TimerView.swift; sourceTree = "<group>"; };
		D9BB60721E39240A9E9BB3A2 /* start.caf */ = {isa = PBXFileReference; lastKnownFileType = file; path = start.caf; sourceTree = "<group>"; };
		DAF4308A63E801A40E58AB5C /* TimerSelectionView.swift */ = {isa = PBXFileReference; includeInIndex = 1; lastKnownFileType = sourcecode.swift; name = TimerSelectionView.swift; path = Sources/UI/Screens/TimerSelectionView.swift; sourceTree = "<group>"; };
		DEE5E181EC4B2C8C3F7B5AA3 /* TimerTypeCard.swift */ = {isa = PBXFileReference; includeInIndex = 1; lastKnownFileType = sourcecode.swift; path = TimerTypeCard.swift; sourceTree = "<group>"; };
		E3F657CC770C0B1CBF085AED /* TimerSelectionViewModel.swift */ = {isa = PBXFileReference; includeInIndex = 1; lastKnownFileType = sourcecode.swift; name = TimerSelectionViewModel.swift; path = Sources/UI/ViewModels/TimerSelectionViewModel.swift; sourceTree = "<group>"; };
		E488BC7001CAEEF26453D797 /* TimerConfiguration.swift */ = {isa = PBXFileReference; lastKnownFileType = sourcecode.swift; path = TimerConfiguration.swift; sourceTree = "<group>"; };
		E6A367A1FF4E683760EA7F4C /* WorkoutDetailView.swift */ = {isa = PBXFileReference; includeInIndex = 1; lastKnownFileType = sourcecode.swift; name = WorkoutDetailView.swift; path = Sources/UI/Screens/WorkoutDetailView.swift; sourceTree = "<group>"; };
		E9C2B90A5DCA5D29F2BEC039 /* Assets.xcassets */ = {isa = PBXFileReference; lastKnownFileType = folder.assetcatalog; path = Assets.xcassets; sourceTree = "<group>"; };
		EA9B0544F3076DC41F707808 /* TimerTypeCard.swift */ = {isa = PBXFileReference; includeInIndex = 1; lastKnownFileType = sourcecode.swift; name = TimerTypeCard.swift; path = Sources/UI/Components/TimerTypeCard.swift; sourceTree = "<group>"; };
		EC721223F4FDB565AD0CFE09 /* NotificationService.swift */ = {isa = PBXFileReference; lastKnownFileType = sourcecode.swift; path = NotificationService.swift; sourceTree = "<group>"; };
		F25A0AD4E0D30B15C17819A5 /* silence.m4a */ = {isa = PBXFileReference; lastKnownFileType = file; path = silence.m4a; sourceTree = "<group>"; };
		F25B605ED1FF3384317A3E8A /* WorkoutSummaryContentView.swift */ = {isa = PBXFileReference; includeInIndex = 1; lastKnownFileType = sourcecode.swift; path = WorkoutSummaryContentView.swift; sourceTree = "<group>"; };
		F39E34AF23906125A657213F /* WorkoutDetailView.swift */ = {isa = PBXFileReference; includeInIndex = 1; lastKnownFileType = sourcecode.swift; path = WorkoutDetailView.swift; sourceTree = "<group>"; };
		F6EFA8CCA11632AF5CB445D8 /* WorkoutTimer.xcdatamodeld */ = {isa = PBXFileReference; lastKnownFileType = wrapper.xcdatamodel; path = WorkoutTimer.xcdatamodeld; sourceTree = "<group>"; };
		F75A1D91007BB127A056496B /* BigTimeDisplay.swift */ = {isa = PBXFileReference; lastKnownFileType = sourcecode.swift; path = BigTimeDisplay.swift; sourceTree = "<group>"; };
		FD434AD686CA9B1E19061636 /* HapticService.swift */ = {isa = PBXFileReference; lastKnownFileType = sourcecode.swift; path = HapticService.swift; sourceTree = "<group>"; };
		FD781737912097014A983ACD /* MainContainerView.swift */ = {isa = PBXFileReference; lastKnownFileType = sourcecode.swift; path = MainContainerView.swift; sourceTree = "<group>"; };
/* End PBXFileReference section */

/* Begin PBXFrameworksBuildPhase section */
		56BAF137DAAFD967197255D3 /* Frameworks */ = {
			isa = PBXFrameworksBuildPhase;
			buildActionMask = 2147483647;
			files = (
			);
			runOnlyForDeploymentPostprocessing = 0;
		};
		72EAF812E2D653AC0BDA8C73 /* Frameworks */ = {
			isa = PBXFrameworksBuildPhase;
			buildActionMask = 2147483647;
			files = (
			);
			runOnlyForDeploymentPostprocessing = 0;
		};
/* End PBXFrameworksBuildPhase section */

/* Begin PBXGroup section */
		064001178D46C959D1D1082A /* ViewModels */ = {
			isa = PBXGroup;
			children = (
				0566BAE9E6F7E33845ACC0BC /* TimerSelectionViewModel.swift */,
			);
			name = ViewModels;
			sourceTree = "<group>";
		};
		095FEE2E633C50D24407F2D6 /* App */ = {
			isa = PBXGroup;
			children = (
				436F90621FFAF3AD3452711A /* RxTimerApp.swift */,
			);
			path = App;
			sourceTree = "<group>";
		};
		0ECEC165EE4DFB177DC80E73 /* Resources */ = {
			isa = PBXGroup;
			children = (
				E9C2B90A5DCA5D29F2BEC039 /* Assets.xcassets */,
				B452940829D20353CA3AEC80 /* Audio */,
			);
			path = Resources;
			sourceTree = "<group>";
		};
		19542B0A3E1C191506CCE893 /* UI */ = {
			isa = PBXGroup;
			children = (
				3E25359A392645CFF8DE212E /* Screens */,
				A8BFB4AB41C9CF0256C75824 /* Components */,
				9D901944C514B5BB610F993B /* ViewModels */,
			);
			path = UI;
			sourceTree = "<group>";
		};
		3E25359A392645CFF8DE212E /* Screens */ = {
			isa = PBXGroup;
			children = (
				DAF4308A63E801A40E58AB5C /* TimerSelectionView.swift */,
			);
			path = Screens;
			sourceTree = "<group>";
		};
		4BB221920264AF89B4106F8C /* UI */ = {
			isa = PBXGroup;
			children = (
				CE0B9603D995C0C3B6EED975 /* Screens */,
				EA3E67C622068A428B693C5D /* Components */,
				064001178D46C959D1D1082A /* ViewModels */,
			);
			name = UI;
			sourceTree = "<group>";
		};
		508B330CCDE923938D8FFB64 /* Components */ = {
			isa = PBXGroup;
			children = (
				F75A1D91007BB127A056496B /* BigTimeDisplay.swift */,
				F25B605ED1FF3384317A3E8A /* WorkoutSummaryContentView.swift */,
				DEE5E181EC4B2C8C3F7B5AA3 /* TimerTypeCard.swift */,
			);
			path = Components;
			sourceTree = "<group>";
		};
		516831D832DDC7318520265A /* Tests */ = {
			isa = PBXGroup;
			children = (
				E82314D1AED0D888F3B525CC /* DomainTests */,
			);
			path = Tests;
			sourceTree = "<group>";
		};
		5928955287B8089ED2177128 = {
			isa = PBXGroup;
			children = (
				D685C104AFFBCF83C7CB0FB6 /* Sources */,
				0ECEC165EE4DFB177DC80E73 /* Resources */,
				516831D832DDC7318520265A /* Tests */,
				51570F093954B65F706F7C19 /* Info.plist */,
				BF7A2D27A78D590BDEF15AF2 /* Products */,
				19542B0A3E1C191506CCE893 /* UI */,
				D940E233564734C0069EF29C /* DomainTests */,
				BF653B4E8F82C41941497B50 /* Sources */,
			);
			sourceTree = "<group>";
		};
		73578CFB312B318FC7348DB6 /* Screens */ = {
			isa = PBXGroup;
			children = (
				D73555C4A91B4E9B54E92190 /* TimerView.swift */,
				6F71F55CD9A45C76190D2A5C /* InlineConfigureTimerView.swift */,
				FD781737912097014A983ACD /* MainContainerView.swift */,
				3E3A93E9738FEC96B97C487E /* AppNavigationState.swift */,
				B91E87E1E58959B191C6AA36 /* WorkoutHistoryView.swift */,
				E6A367A1FF4E683760EA7F4C /* WorkoutDetailView.swift */,
				0FC7AC7E6F0263F1B2F51CE4 /* WorkoutSummaryView.swift */,
				B21E5E7D26EBC245A348AB77 /* TimerSelectionView.swift */,
				F39E34AF23906125A657213F /* WorkoutDetailView.swift */,
				8988304F814D9BE38F446969 /* WorkoutHistoryView.swift */,
				0BC0385396CA0989DC979712 /* WorkoutSummaryView.swift */,
			);
			path = Screens;
			sourceTree = "<group>";
		};
		7B695DEBC571F57471B47524 /* UI */ = {
			isa = PBXGroup;
			children = (
				E3EEF78AC67933824D83D3B4 /* ViewModels */,
				73578CFB312B318FC7348DB6 /* Screens */,
				508B330CCDE923938D8FFB64 /* Components */,
				EAA254D6F28075E0A6D5E3CB /* Navigation */,
			);
			path = UI;
			sourceTree = "<group>";
		};
		840E4C7F83D8A80EC003E8D0 /* Domain */ = {
			isa = PBXGroup;
			children = (
				C2B2C90D486CB339AA37D21B /* Engine */,
				CA608C0B22E7B6F9B389BDDD /* Models */,
			);
			path = Domain;
			sourceTree = "<group>";
		};
		95DF61116CBC7317336DBE03 /* Services */ = {
			isa = PBXGroup;
			children = (
				6775CB8C0A32B833AE93D25B /* AudioService.swift */,
				37AC499A71F680300B57EF4C /* BackgroundAudioService.swift */,
				FD434AD686CA9B1E19061636 /* HapticService.swift */,
				EC721223F4FDB565AD0CFE09 /* NotificationService.swift */,
				4492CB260A00D2BBEB917DB1 /* WorkoutStateManager.swift */,
				2317A3EAFCC9FF6CC1538FFD /* WorkoutStateManager.swift */,
			);
			path = Services;
			sourceTree = "<group>";
		};
		9D901944C514B5BB610F993B /* ViewModels */ = {
			isa = PBXGroup;
			children = (
				E3F657CC770C0B1CBF085AED /* TimerSelectionViewModel.swift */,
			);
			path = ViewModels;
			sourceTree = "<group>";
		};
		A8BFB4AB41C9CF0256C75824 /* Components */ = {
			isa = PBXGroup;
			children = (
				EA9B0544F3076DC41F707808 /* TimerTypeCard.swift */,
				372AB8FBBFC55BBEE0F926E7 /* QuickStartConfirmationSheet.swift */,
			);
			path = Components;
			sourceTree = "<group>";
		};
		B452940829D20353CA3AEC80 /* Audio */ = {
			isa = PBXGroup;
			children = (
				F25A0AD4E0D30B15C17819A5 /* silence.m4a */,
				D9BB60721E39240A9E9BB3A2 /* start.caf */,
				896BB817599A464357C85456 /* tick.caf */,
				9B898728DEE1BC31BA0BD391 /* warn.caf */,
				3CEF841D69CC8188B302F4E0 /* beep_1hz.caf */,
				6FBD61246689EA445449F3B0 /* end.caf */,
				5C1E02DE0C8780DD41613146 /* three.caf */,
				A297C579702340446E35DD19 /* two.caf */,
				B2ADF3A433A4071813BF2B4C /* one.caf */,
				0CB8ABF5FBA40AB5F5CDFD49 /* go.caf */,
			);
			path = Audio;
			sourceTree = "<group>";
		};
		BF653B4E8F82C41941497B50 /* Sources */ = {
			isa = PBXGroup;
			children = (
				4BB221920264AF89B4106F8C /* UI */,
			);
			name = Sources;
			sourceTree = "<group>";
		};
		BF7A2D27A78D590BDEF15AF2 /* Products */ = {
			isa = PBXGroup;
			children = (
				7BCCADA3021C07D12E775CB5 /* WorkoutTimer.app */,
				195F9293022CEE80C9E8D0C0 /* WorkoutTimerTests.xctest */,
			);
			name = Products;
			sourceTree = "<group>";
		};
		C2B2C90D486CB339AA37D21B /* Engine */ = {
			isa = PBXGroup;
			children = (
				322FCAF1F95F95765BE52DA1 /* TimerEngine.swift */,
			);
			path = Engine;
			sourceTree = "<group>";
		};
		C8EBCEBB99B1362CB777D869 /* Persistence */ = {
			isa = PBXGroup;
			children = (
				3EA891C8952EFA844C1E13C5 /* PersistenceController.swift */,
				F6EFA8CCA11632AF5CB445D8 /* WorkoutTimer.xcdatamodeld */,
				D446CAAAE89B233DF0EA0768 /* Workout+DisplayData.swift */,
			);
			path = Persistence;
			sourceTree = "<group>";
		};
		CA608C0B22E7B6F9B389BDDD /* Models */ = {
			isa = PBXGroup;
			children = (
				E488BC7001CAEEF26453D797 /* TimerConfiguration.swift */,
				56257AB8AEC0E93AE14629CB /* TimerState.swift */,
				24EE43DFB8A2036994FB1343 /* TimerType.swift */,
			);
			path = Models;
			sourceTree = "<group>";
		};
		CE0B9603D995C0C3B6EED975 /* Screens */ = {
			isa = PBXGroup;
			children = (
				C03E2F0139BBB5F41F52E447 /* TimerSelectionView.swift */,
			);
			name = Screens;
			sourceTree = "<group>";
		};
		D685C104AFFBCF83C7CB0FB6 /* Sources */ = {
			isa = PBXGroup;
			children = (
				095FEE2E633C50D24407F2D6 /* App */,
				840E4C7F83D8A80EC003E8D0 /* Domain */,
				95DF61116CBC7317336DBE03 /* Services */,
				C8EBCEBB99B1362CB777D869 /* Persistence */,
				7B695DEBC571F57471B47524 /* UI */,
			);
			path = Sources;
			sourceTree = "<group>";
		};
		D940E233564734C0069EF29C /* DomainTests */ = {
			isa = PBXGroup;
			children = (
				65964A40D3B7770E061C79DB /* LongDurationTimingTests.swift */,
			);
			path = DomainTests;
			sourceTree = "<group>";
		};
		E3EEF78AC67933824D83D3B4 /* ViewModels */ = {
			isa = PBXGroup;
			children = (
				41EEDE2D06894E4A567DA141 /* TimerViewModel.swift */,
				28CC247F584A68463E434AF7 /* TimerSelectionViewModel.swift */,
			);
			path = ViewModels;
			sourceTree = "<group>";
		};
		E82314D1AED0D888F3B525CC /* DomainTests */ = {
			isa = PBXGroup;
			children = (
				6888E08EA1AD4E654D5C5308 /* TimingDriftTests.swift */,
				BE2A76547EB23108DECD6D01 /* StateRestorationTests.swift */,
			);
			path = DomainTests;
			sourceTree = "<group>";
		};
		EA3E67C622068A428B693C5D /* Components */ = {
			isa = PBXGroup;
			children = (
				9779E4C91E2994381C7C8F47 /* TimerTypeCard.swift */,
				12F890DA07FF7BD90FA8B772 /* QuickStartConfirmationSheet.swift */,
			);
			name = Components;
			sourceTree = "<group>";
		};
		EAA254D6F28075E0A6D5E3CB /* Navigation */ = {
			isa = PBXGroup;
			children = (
			);
			name = Navigation;
			path = Sources/UI/Navigation;
			sourceTree = "<group>";
		};
/* End PBXGroup section */

/* Begin PBXNativeTarget section */
		6439CF22188FA14BBD363342 /* WorkoutTimer */ = {
			isa = PBXNativeTarget;
			buildConfigurationList = CBCA6636ECD2A41707A99674 /* Build configuration list for PBXNativeTarget "WorkoutTimer" */;
			buildPhases = (
				869AA75568406BC6181D282D /* Sources */,
				56BAF137DAAFD967197255D3 /* Frameworks */,
				77417434AB4C68AD87C05857 /* Resources */,
			);
			buildRules = (
			);
			dependencies = (
			);
			name = WorkoutTimer;
			productName = WorkoutTimer;
			productReference = 7BCCADA3021C07D12E775CB5 /* WorkoutTimer.app */;
			productType = "com.apple.product-type.application";
		};
		BA128F9D3C0D15FFB32AEEA8 /* WorkoutTimerTests */ = {
			isa = PBXNativeTarget;
			buildConfigurationList = 5FB07FFE4146CE2D6B3BAAA9 /* Build configuration list for PBXNativeTarget "WorkoutTimerTests" */;
			buildPhases = (
				6E010B3D85AA514D3FB28B7F /* Sources */,
				72EAF812E2D653AC0BDA8C73 /* Frameworks */,
				C279A62352D5669E78F3532A /* Resources */,
			);
			buildRules = (
			);
			dependencies = (
				EE543492886B1A944A594DA2 /* PBXTargetDependency */,
			);
			name = WorkoutTimerTests;
			productName = WorkoutTimerTests;
			productReference = 195F9293022CEE80C9E8D0C0 /* WorkoutTimerTests.xctest */;
			productType = "com.apple.product-type.bundle.unit-test";
		};
/* End PBXNativeTarget section */

/* Begin PBXProject section */
		0747348ABA4DBB245A962507 /* Project object */ = {
			isa = PBXProject;
			attributes = {
				BuildIndependentTargetsInParallel = 1;
				LastSwiftUpdateCheck = 1500;
				LastUpgradeCheck = 2610;
				TargetAttributes = {
					6439CF22188FA14BBD363342 = {
						CreatedOnToolsVersion = 15.0;
					};
					BA128F9D3C0D15FFB32AEEA8 = {
						CreatedOnToolsVersion = 15.0;
						TestTargetID = 6439CF22188FA14BBD363342;
					};
				};
			};
			buildConfigurationList = 547095AE1FCB6888116CDBC4 /* Build configuration list for PBXProject "WorkoutTimer" */;
			compatibilityVersion = "Xcode 14.0";
			developmentRegion = en;
			hasScannedForEncodings = 0;
			knownRegions = (
				en,
				Base,
			);
			mainGroup = 5928955287B8089ED2177128;
			productRefGroup = BF7A2D27A78D590BDEF15AF2 /* Products */;
			projectDirPath = "";
			projectRoot = "";
			targets = (
				6439CF22188FA14BBD363342 /* WorkoutTimer */,
				BA128F9D3C0D15FFB32AEEA8 /* WorkoutTimerTests */,
			);
		};
/* End PBXProject section */

/* Begin PBXResourcesBuildPhase section */
		77417434AB4C68AD87C05857 /* Resources */ = {
			isa = PBXResourcesBuildPhase;
			buildActionMask = 2147483647;
			files = (
				99810209AD4FE3320BC122AD /* Assets.xcassets in Resources */,
				EAE144492E1DA4003332DCDA /* silence.m4a in Resources */,
				94E850F24721A3EADB559440 /* start.caf in Resources */,
				D23D021AC1C7ACCF69813CD0 /* tick.caf in Resources */,
				7A3E57D3A8FC1B469B3875D7 /* warn.caf in Resources */,
				E955C7550F142E811C73E9AB /* beep_1hz.caf in Resources */,
				A40349881685B4C721B23980 /* end.caf in Resources */,
				E7629DD7187933487ABA2A9C /* three.caf in Resources */,
				3EA28FBC82D087AD2F5A6216 /* two.caf in Resources */,
				C702EC64BFB0980B0568E5F3 /* one.caf in Resources */,
				3CFC01B719E73D3A9A3540DF /* go.caf in Resources */,
			);
			runOnlyForDeploymentPostprocessing = 0;
		};
		C279A62352D5669E78F3532A /* Resources */ = {
			isa = PBXResourcesBuildPhase;
			buildActionMask = 2147483647;
			files = (
				D38CC199FFB1E18CD4297A8A /* three.caf in Resources */,
				715E23BD8625D861C922AEF1 /* two.caf in Resources */,
				F7CAC2B27A219F8201DC9ACC /* one.caf in Resources */,
				7B9B765916CABE09D8F5A2B5 /* go.caf in Resources */,
			);
			runOnlyForDeploymentPostprocessing = 0;
		};
/* End PBXResourcesBuildPhase section */

/* Begin PBXSourcesBuildPhase section */
		6E010B3D85AA514D3FB28B7F /* Sources */ = {
			isa = PBXSourcesBuildPhase;
			buildActionMask = 2147483647;
			files = (
				2E89C91142AFADD595DF5A2D /* TimingDriftTests.swift in Sources */,
				6F7F9A401918B8002A9FE0C6 /* StateRestorationTests.swift in Sources */,
			);
			runOnlyForDeploymentPostprocessing = 0;
		};
		869AA75568406BC6181D282D /* Sources */ = {
			isa = PBXSourcesBuildPhase;
			buildActionMask = 2147483647;
			files = (
				9076B6333CA1AB9864A2CA26 /* RxTimerApp.swift in Sources */,
				EFBE5078EE3A4C98E6552AA8 /* TimerEngine.swift in Sources */,
				4B3ED36A3C0A3EC2152F73B9 /* TimerConfiguration.swift in Sources */,
				BBD0A00ADCB91180C3A959EE /* TimerState.swift in Sources */,
				C3926F6ECB2D3134543F3F10 /* TimerType.swift in Sources */,
				2A738EB113746E5D497117CF /* PersistenceController.swift in Sources */,
				727A124A79C79850F4FE0565 /* Workout+DisplayData.swift in Sources */,
				E7C30D9E6765F8723EF0D854 /* AudioService.swift in Sources */,
				601B543EC4D0C9E6365672B1 /* BackgroundAudioService.swift in Sources */,
				F69860CE6F8C05E818EB17D3 /* HapticService.swift in Sources */,
				DD160BA7192BB85C7D6E09A4 /* NotificationService.swift in Sources */,
				31275AF3653FEEC5C93939B9 /* WorkoutStateManager.swift in Sources */,
				3B6F26CF8F73E202F0916265 /* BigTimeDisplay.swift in Sources */,
				D61F0122ACE53A12CE8825E0 /* TimerTypeCard.swift in Sources */,
				96750E6BC89E8F098A0B1991 /* WorkoutSummaryContentView.swift in Sources */,
				593C1A5C5627083F8EE149B0 /* AppNavigationState.swift in Sources */,
				27035713E1CC1E9400955AA4 /* InlineConfigureTimerView.swift in Sources */,
				B1C9E18DA577F4D0B7444FC9 /* MainContainerView.swift in Sources */,
				2722E44C0C5FD83841949B69 /* TimerSelectionView.swift in Sources */,
				8BAA4C65D4C81C64A711FB19 /* TimerView.swift in Sources */,
				3FB511B925618F20805F44F4 /* WorkoutDetailView.swift in Sources */,
				38EA5AEF8BBF5A34349C079D /* WorkoutHistoryView.swift in Sources */,
				EFDCB0FF4EC3DF3C26404793 /* WorkoutSummaryView.swift in Sources */,
				397C0248A5091E508869D7F3 /* TimerSelectionViewModel.swift in Sources */,
				25F40F507676274F6A55A934 /* TimerViewModel.swift in Sources */,
				38B77A0FF3D1FFF94AC3363B /* WorkoutTimer.xcdatamodeld in Sources */,
			);
			runOnlyForDeploymentPostprocessing = 0;
		};
/* End PBXSourcesBuildPhase section */

/* Begin PBXTargetDependency section */
		EE543492886B1A944A594DA2 /* PBXTargetDependency */ = {
			isa = PBXTargetDependency;
			target = 6439CF22188FA14BBD363342 /* WorkoutTimer */;
			targetProxy = CE443B3C47ADC0559F5D21DE /* PBXContainerItemProxy */;
		};
/* End PBXTargetDependency section */

/* Begin XCBuildConfiguration section */
		2B2C0CD94A9655170E2F67D7 /* Debug */ = {
			isa = XCBuildConfiguration;
			buildSettings = {
				ASSETCATALOG_COMPILER_APPICON_NAME = AppIcon;
				ASSETCATALOG_COMPILER_GLOBAL_ACCENT_COLOR_NAME = AccentColor;
				CODE_SIGN_STYLE = Automatic;
				CURRENT_PROJECT_VERSION = 1;
				DEVELOPMENT_ASSET_PATHS = "";
				DEVELOPMENT_TEAM = UY2LY9YDPT;
				ENABLE_PREVIEWS = YES;
				GENERATE_INFOPLIST_FILE = NO;
				INFOPLIST_FILE = Info.plist;
				INFOPLIST_KEY_CFBundleDisplayName = RxTimer;
				INFOPLIST_KEY_LSApplicationCategoryType = "public.app-category.healthcare-fitness";
				INFOPLIST_KEY_UIApplicationSceneManifest_Generation = YES;
				INFOPLIST_KEY_UIApplicationSupportsIndirectInputEvents = YES;
				INFOPLIST_KEY_UILaunchScreen_Generation = YES;
				INFOPLIST_KEY_UISupportedInterfaceOrientations = UIInterfaceOrientationPortrait;
				INFOPLIST_KEY_UISupportedInterfaceOrientations_iPad = "UIInterfaceOrientationPortrait UIInterfaceOrientationPortraitUpsideDown UIInterfaceOrientationLandscapeLeft UIInterfaceOrientationLandscapeRight";
				IPHONEOS_DEPLOYMENT_TARGET = 15.0;
				LD_RUNPATH_SEARCH_PATHS = (
					"$(inherited)",
					"@executable_path/Frameworks",
				);
				MARKETING_VERSION = 1.0;
				PRODUCT_BUNDLE_IDENTIFIER = com.foursummits.RxTimer;
				PRODUCT_NAME = "$(TARGET_NAME)";
				SWIFT_EMIT_LOC_STRINGS = YES;
				SWIFT_VERSION = 5.0;
				TARGETED_DEVICE_FAMILY = "1,2";
			};
			name = Debug;
		};
		485449C43C8525634626207D /* Release */ = {
			isa = XCBuildConfiguration;
			buildSettings = {
				BUNDLE_LOADER = "$(TEST_HOST)";
				CODE_SIGN_STYLE = Automatic;
				CURRENT_PROJECT_VERSION = 1;
				GENERATE_INFOPLIST_FILE = YES;
				IPHONEOS_DEPLOYMENT_TARGET = 15.0;
				MARKETING_VERSION = 1.0;
				PRODUCT_BUNDLE_IDENTIFIER = com.yourcompany.WorkoutTimerTests;
				PRODUCT_NAME = "$(TARGET_NAME)";
				SWIFT_EMIT_LOC_STRINGS = NO;
				SWIFT_VERSION = 5.0;
				TARGETED_DEVICE_FAMILY = "1,2";
				TEST_HOST = "$(BUILT_PRODUCTS_DIR)/WorkoutTimer.app/$(BUNDLE_EXECUTABLE_FOLDER_PATH)/WorkoutTimer";
			};
			name = Release;
		};
		8CCC4A7BD38DD668162EC233 /* Debug */ = {
			isa = XCBuildConfiguration;
			buildSettings = {
				ALWAYS_SEARCH_USER_PATHS = NO;
				CLANG_ANALYZER_NONNULL = YES;
				CLANG_ANALYZER_NUMBER_OBJECT_CONVERSION = YES_AGGRESSIVE;
				CLANG_CXX_LANGUAGE_STANDARD = "gnu++20";
				CLANG_ENABLE_MODULES = YES;
				CLANG_ENABLE_OBJC_ARC = YES;
				CLANG_ENABLE_OBJC_WEAK = YES;
				CLANG_WARN_BLOCK_CAPTURE_AUTORELEASING = YES;
				CLANG_WARN_BOOL_CONVERSION = YES;
				CLANG_WARN_COMMA = YES;
				CLANG_WARN_CONSTANT_CONVERSION = YES;
				CLANG_WARN_DEPRECATED_OBJC_IMPLEMENTATIONS = YES;
				CLANG_WARN_DIRECT_OBJC_ISA_USAGE = YES_ERROR;
				CLANG_WARN_DOCUMENTATION_COMMENTS = YES;
				CLANG_WARN_EMPTY_BODY = YES;
				CLANG_WARN_ENUM_CONVERSION = YES;
				CLANG_WARN_INFINITE_RECURSION = YES;
				CLANG_WARN_INT_CONVERSION = YES;
				CLANG_WARN_NON_LITERAL_NULL_CONVERSION = YES;
				CLANG_WARN_OBJC_IMPLICIT_RETAIN_SELF = YES;
				CLANG_WARN_OBJC_LITERAL_CONVERSION = YES;
				CLANG_WARN_OBJC_ROOT_CLASS = YES_ERROR;
				CLANG_WARN_QUOTED_INCLUDE_IN_FRAMEWORK_HEADER = YES;
				CLANG_WARN_RANGE_LOOP_ANALYSIS = YES;
				CLANG_WARN_STRICT_PROTOTYPES = YES;
				CLANG_WARN_SUSPICIOUS_MOVE = YES;
				CLANG_WARN_UNGUARDED_AVAILABILITY = YES_AGGRESSIVE;
				CLANG_WARN_UNREACHABLE_CODE = YES;
				CLANG_WARN__DUPLICATE_METHOD_MATCH = YES;
				COPY_PHASE_STRIP = NO;
				DEBUG_INFORMATION_FORMAT = dwarf;
				ENABLE_STRICT_OBJC_MSGSEND = YES;
				ENABLE_TESTABILITY = YES;
				ENABLE_USER_SCRIPT_SANDBOXING = YES;
				GCC_C_LANGUAGE_STANDARD = gnu11;
				GCC_DYNAMIC_NO_PIC = NO;
				GCC_NO_COMMON_BLOCKS = YES;
				GCC_OPTIMIZATION_LEVEL = 0;
				GCC_PREPROCESSOR_DEFINITIONS = (
					"DEBUG=1",
					"$(inherited)",
				);
				GCC_WARN_64_TO_32_BIT_CONVERSION = YES;
				GCC_WARN_ABOUT_RETURN_TYPE = YES_ERROR;
				GCC_WARN_UNDECLARED_SELECTOR = YES;
				GCC_WARN_UNINITIALIZED_AUTOS = YES_AGGRESSIVE;
				GCC_WARN_UNUSED_FUNCTION = YES;
				GCC_WARN_UNUSED_VARIABLE = YES;
				IPHONEOS_DEPLOYMENT_TARGET = 15.0;
				MTL_ENABLE_DEBUG_INFO = INCLUDE_SOURCE;
				MTL_FAST_MATH = YES;
				ONLY_ACTIVE_ARCH = YES;
				SDKROOT = iphoneos;
				STRING_CATALOG_GENERATE_SYMBOLS = YES;
				SWIFT_ACTIVE_COMPILATION_CONDITIONS = DEBUG;
				SWIFT_OPTIMIZATION_LEVEL = "-Onone";
			};
			name = Debug;
		};
		E53E595A87411AB04064ABEA /* Debug */ = {
			isa = XCBuildConfiguration;
			buildSettings = {
				BUNDLE_LOADER = "$(TEST_HOST)";
				CODE_SIGN_STYLE = Automatic;
				CURRENT_PROJECT_VERSION = 1;
				GENERATE_INFOPLIST_FILE = YES;
				IPHONEOS_DEPLOYMENT_TARGET = 15.0;
				MARKETING_VERSION = 1.0;
				PRODUCT_BUNDLE_IDENTIFIER = com.yourcompany.WorkoutTimerTests;
				PRODUCT_NAME = "$(TARGET_NAME)";
				SWIFT_EMIT_LOC_STRINGS = NO;
				SWIFT_VERSION = 5.0;
				TARGETED_DEVICE_FAMILY = "1,2";
				TEST_HOST = "$(BUILT_PRODUCTS_DIR)/WorkoutTimer.app/$(BUNDLE_EXECUTABLE_FOLDER_PATH)/WorkoutTimer";
			};
			name = Debug;
		};
		E9313C9864508F31E8675373 /* Release */ = {
			isa = XCBuildConfiguration;
			buildSettings = {
				ALWAYS_SEARCH_USER_PATHS = NO;
				CLANG_ANALYZER_NONNULL = YES;
				CLANG_ANALYZER_NUMBER_OBJECT_CONVERSION = YES_AGGRESSIVE;
				CLANG_CXX_LANGUAGE_STANDARD = "gnu++20";
				CLANG_ENABLE_MODULES = YES;
				CLANG_ENABLE_OBJC_ARC = YES;
				CLANG_ENABLE_OBJC_WEAK = YES;
				CLANG_WARN_BLOCK_CAPTURE_AUTORELEASING = YES;
				CLANG_WARN_BOOL_CONVERSION = YES;
				CLANG_WARN_COMMA = YES;
				CLANG_WARN_CONSTANT_CONVERSION = YES;
				CLANG_WARN_DEPRECATED_OBJC_IMPLEMENTATIONS = YES;
				CLANG_WARN_DIRECT_OBJC_ISA_USAGE = YES_ERROR;
				CLANG_WARN_DOCUMENTATION_COMMENTS = YES;
				CLANG_WARN_EMPTY_BODY = YES;
				CLANG_WARN_ENUM_CONVERSION = YES;
				CLANG_WARN_INFINITE_RECURSION = YES;
				CLANG_WARN_INT_CONVERSION = YES;
				CLANG_WARN_NON_LITERAL_NULL_CONVERSION = YES;
				CLANG_WARN_OBJC_IMPLICIT_RETAIN_SELF = YES;
				CLANG_WARN_OBJC_LITERAL_CONVERSION = YES;
				CLANG_WARN_OBJC_ROOT_CLASS = YES_ERROR;
				CLANG_WARN_QUOTED_INCLUDE_IN_FRAMEWORK_HEADER = YES;
				CLANG_WARN_RANGE_LOOP_ANALYSIS = YES;
				CLANG_WARN_STRICT_PROTOTYPES = YES;
				CLANG_WARN_SUSPICIOUS_MOVE = YES;
				CLANG_WARN_UNGUARDED_AVAILABILITY = YES_AGGRESSIVE;
				CLANG_WARN_UNREACHABLE_CODE = YES;
				CLANG_WARN__DUPLICATE_METHOD_MATCH = YES;
				COPY_PHASE_STRIP = NO;
				DEBUG_INFORMATION_FORMAT = "dwarf-with-dsym";
				ENABLE_NS_ASSERTIONS = NO;
				ENABLE_STRICT_OBJC_MSGSEND = YES;
				ENABLE_USER_SCRIPT_SANDBOXING = YES;
				GCC_C_LANGUAGE_STANDARD = gnu11;
				GCC_NO_COMMON_BLOCKS = YES;
				GCC_WARN_64_TO_32_BIT_CONVERSION = YES;
				GCC_WARN_ABOUT_RETURN_TYPE = YES_ERROR;
				GCC_WARN_UNDECLARED_SELECTOR = YES;
				GCC_WARN_UNINITIALIZED_AUTOS = YES_AGGRESSIVE;
				GCC_WARN_UNUSED_FUNCTION = YES;
				GCC_WARN_UNUSED_VARIABLE = YES;
				IPHONEOS_DEPLOYMENT_TARGET = 15.0;
				MTL_ENABLE_DEBUG_INFO = NO;
				MTL_FAST_MATH = YES;
				SDKROOT = iphoneos;
				STRING_CATALOG_GENERATE_SYMBOLS = YES;
				SWIFT_COMPILATION_MODE = wholemodule;
				SWIFT_OPTIMIZATION_LEVEL = "-O";
				VALIDATE_PRODUCT = YES;
			};
			name = Release;
		};
		FF45A35C6488A23632D6BAA0 /* Release */ = {
			isa = XCBuildConfiguration;
			buildSettings = {
				ASSETCATALOG_COMPILER_APPICON_NAME = AppIcon;
				ASSETCATALOG_COMPILER_GLOBAL_ACCENT_COLOR_NAME = AccentColor;
				CODE_SIGN_STYLE = Automatic;
				CURRENT_PROJECT_VERSION = 1;
				DEVELOPMENT_ASSET_PATHS = "";
				DEVELOPMENT_TEAM = UY2LY9YDPT;
				ENABLE_PREVIEWS = YES;
				GENERATE_INFOPLIST_FILE = NO;
				INFOPLIST_FILE = Info.plist;
				INFOPLIST_KEY_CFBundleDisplayName = RxTimer;
				INFOPLIST_KEY_LSApplicationCategoryType = "public.app-category.healthcare-fitness";
				INFOPLIST_KEY_UIApplicationSceneManifest_Generation = YES;
				INFOPLIST_KEY_UIApplicationSupportsIndirectInputEvents = YES;
				INFOPLIST_KEY_UILaunchScreen_Generation = YES;
				INFOPLIST_KEY_UISupportedInterfaceOrientations = UIInterfaceOrientationPortrait;
				INFOPLIST_KEY_UISupportedInterfaceOrientations_iPad = "UIInterfaceOrientationPortrait UIInterfaceOrientationPortraitUpsideDown UIInterfaceOrientationLandscapeLeft UIInterfaceOrientationLandscapeRight";
				IPHONEOS_DEPLOYMENT_TARGET = 15.0;
				LD_RUNPATH_SEARCH_PATHS = (
					"$(inherited)",
					"@executable_path/Frameworks",
				);
				MARKETING_VERSION = 1.0;
				PRODUCT_BUNDLE_IDENTIFIER = com.foursummits.RxTimer;
				PRODUCT_NAME = "$(TARGET_NAME)";
				SWIFT_EMIT_LOC_STRINGS = YES;
				SWIFT_VERSION = 5.0;
				TARGETED_DEVICE_FAMILY = "1,2";
			};
			name = Release;
		};
/* End XCBuildConfiguration section */

/* Begin XCConfigurationList section */
		547095AE1FCB6888116CDBC4 /* Build configuration list for PBXProject "WorkoutTimer" */ = {
			isa = XCConfigurationList;
			buildConfigurations = (
				8CCC4A7BD38DD668162EC233 /* Debug */,
				E9313C9864508F31E8675373 /* Release */,
			);
			defaultConfigurationIsVisible = 0;
			defaultConfigurationName = Release;
		};
		5FB07FFE4146CE2D6B3BAAA9 /* Build configuration list for PBXNativeTarget "WorkoutTimerTests" */ = {
			isa = XCConfigurationList;
			buildConfigurations = (
				E53E595A87411AB04064ABEA /* Debug */,
				485449C43C8525634626207D /* Release */,
			);
			defaultConfigurationIsVisible = 0;
			defaultConfigurationName = Release;
		};
		CBCA6636ECD2A41707A99674 /* Build configuration list for PBXNativeTarget "WorkoutTimer" */ = {
			isa = XCConfigurationList;
			buildConfigurations = (
				2B2C0CD94A9655170E2F67D7 /* Debug */,
				FF45A35C6488A23632D6BAA0 /* Release */,
			);
			defaultConfigurationIsVisible = 0;
			defaultConfigurationName = Release;
		};
/* End XCConfigurationList section */
	};
	rootObject = 0747348ABA4DBB245A962507 /* Project object */;
}
